
Microsoft Visual Studio Solution File, Format Version 12.00
# Visual Studio 2013
VisualStudioVersion = 12.0.30501.0
MinimumVisualStudioVersion = 10.0.40219.1
Project("{2150E333-8FDC-42A3-9474-1A3956D46DE8}") = "Express", "Express", "{84283F45-621D-4DA1-8A40-91D12BA277AE}"
EndProject
Project("{2150E333-8FDC-42A3-9474-1A3956D46DE8}") = "OAuth", "OAuth", "{FC30144B-F61D-44CA-9695-23D8542C22D8}"
EndProject
Project("{2150E333-8FDC-42A3-9474-1A3956D46DE8}") = "Payment", "Payment", "{84E75A37-9532-412F-ADE0-0969C93B45E4}"
EndProject
Project("{FAE04EC0-301F-11D3-BF4B-00C04F79EFBC}") = "Himall.ExpressPlugin", "Express\Himall.ExpressPlugin\Himall.ExpressPlugin.csproj", "{7CDFABC6-3239-4366-8146-0488AC0B423C}"
EndProject
Project("{FAE04EC0-301F-11D3-BF4B-00C04F79EFBC}") = "Himall.Plugin.Express.EMS", "Express\Himall.Plugin.Express.EMS\Himall.Plugin.Express.EMS.csproj", "{3CC81139-138A-41CB-A27F-0092B96EC833}"
EndProject
Project("{FAE04EC0-301F-11D3-BF4B-00C04F79EFBC}") = "Himall.Plugin.Express.Shentong", "Express\Himall.Plugin.Express.Shentong\Himall.Plugin.Express.Shentong.csproj", "{31E4EF8F-606F-4622-BAF3-2520118166B9}"
EndProject
Project("{FAE04EC0-301F-11D3-BF4B-00C04F79EFBC}") = "Himall.Plugin.Express.Shunfeng", "Express\Himall.Plugin.Express.Shunfeng\Himall.Plugin.Express.Shunfeng.csproj", "{D987751F-5EFD-4CF8-AF84-F2A1E82CB34D}"
EndProject
Project("{FAE04EC0-301F-11D3-BF4B-00C04F79EFBC}") = "Himall.Plugin.Express.Tiantian", "Express\Himall.Plugin.Express.Tiantian\Himall.Plugin.Express.Tiantian.csproj", "{38D2BF12-E47D-4AE6-94EF-33914138B623}"
EndProject
Project("{FAE04EC0-301F-11D3-BF4B-00C04F79EFBC}") = "Himall.Plugin.Express.Yuantong", "Express\Himall.Plugin.Express.Yuantong\Himall.Plugin.Express.Yuantong.csproj", "{7073145C-2A75-492F-AD2B-572410C17338}"
EndProject
Project("{FAE04EC0-301F-11D3-BF4B-00C04F79EFBC}") = "Himall.Plugin.Express.Yunda", "Express\Himall.Plugin.Express.Yunda\Himall.Plugin.Express.Yunda.csproj", "{DA199132-DE9D-4D19-8A80-1F1EA077905B}"
EndProject
Project("{FAE04EC0-301F-11D3-BF4B-00C04F79EFBC}") = "Himall.Plugin.Express.Zhaijisong", "Express\Himall.Plugin.Express.Zhaijisong\Himall.Plugin.Express.Zhaijisong.csproj", "{43D4D02B-9856-430B-B7CE-2947B303E0CA}"
EndProject
Project("{FAE04EC0-301F-11D3-BF4B-00C04F79EFBC}") = "Himall.Plugin.Express.Zhongtong", "Express\Himall.Plugin.Express.Zhongtong\Himall.Plugin.Express.Zhongtong.csproj", "{BC62E231-D39C-48D7-B042-F2D7F773BE56}"
EndProject
Project("{FAE04EC0-301F-11D3-BF4B-00C04F79EFBC}") = "Himall.Plugin.Express.Zhongyouwuliu", "Express\Himall.Plugin.Express.Zhongyouwuliu\Himall.Plugin.Express.Zhongyouwuliu.csproj", "{3A4F9253-A040-4FCD-929A-3AFC0EB1E8DE}"
EndProject
Project("{FAE04EC0-301F-11D3-BF4B-00C04F79EFBC}") = "Himall.Plugin.OAuth.QQ", "OAuth\Himall.Plugin.OAuth.QQ\Himall.Plugin.OAuth.QQ.csproj", "{F2C5708F-E016-4FE6-9DDF-F84429D19FA8}"
EndProject
Project("{FAE04EC0-301F-11D3-BF4B-00C04F79EFBC}") = "Himall.Plugin.OAuth.Weibo", "OAuth\Himall.Plugin.OAuth.Weibo\Himall.Plugin.OAuth.Weibo.csproj", "{D2DA81B5-193A-40A3-BF75-9E33A853EB38}"
EndProject
Project("{FAE04EC0-301F-11D3-BF4B-00C04F79EFBC}") = "Himall.Plugin.Payment.Alipay", "Payment\Himall.Plugin.Payment.Alipay\Himall.Plugin.Payment.Alipay.csproj", "{ED22A6DA-0091-4D5B-A204-C9F8A91C5BD9}"
EndProject
Project("{2150E333-8FDC-42A3-9474-1A3956D46DE8}") = "Message", "Message", "{4F36418B-5820-4C10-9C65-475B062F7D33}"
EndProject
Project("{FAE04EC0-301F-11D3-BF4B-00C04F79EFBC}") = "Himall.Plugin.Message.SMS", "Message\Himall.Plugin.Message.SMS\Himall.Plugin.Message.SMS.csproj", "{25AF8C9F-A373-480C-9B56-AEBE5E673F7B}"
EndProject
Project("{FAE04EC0-301F-11D3-BF4B-00C04F79EFBC}") = "Himall.MessagePlugin", "Message\Himall.MessagePlugin\Himall.MessagePlugin.csproj", "{4DE511E3-7501-4E97-ABB7-DCC128E68EC9}"
EndProject
Project("{FAE04EC0-301F-11D3-BF4B-00C04F79EFBC}") = "Himall.Plugin.Message.Email", "Message\Himall.Plugin.Message.Email\Himall.Plugin.Message.Email.csproj", "{D7BE31D7-D196-4E0C-B424-1B52F1FCBE60}"
EndProject
Project("{FAE04EC0-301F-11D3-BF4B-00C04F79EFBC}") = "Himall.PaymentPlugin", "Payment\Himall.PaymentPlugin\Himall.PaymentPlugin.csproj", "{B5D81749-E3A5-4BFC-8577-6B1505FC83B7}"
EndProject
Project("{FAE04EC0-301F-11D3-BF4B-00C04F79EFBC}") = "Himall.Plugin.OAuth.WeiXin", "OAuth\Himall.Plugin.OAuth.WeiXin\Himall.Plugin.OAuth.WeiXin.csproj", "{C0462B4C-1E62-4168-B3EA-7C0ABEC87A19}"
EndProject
Project("{FAE04EC0-301F-11D3-BF4B-00C04F79EFBC}") = "Himall.Plugin.Payment.WeiXinPay", "Payment\Himall.Plugin.Payment.WeiXinPay\Himall.Plugin.Payment.WeiXinPay.csproj", "{C1A757B5-D6B6-42BE-8671-747D799074B3}"
EndProject
Project("{2150E333-8FDC-42A3-9474-1A3956D46DE8}") = "Weixin", "Weixin", "{57E1629C-E07E-4965-81E8-CE08B4A29B27}"
EndProject
Project("{FAE04EC0-301F-11D3-BF4B-00C04F79EFBC}") = "Himall.WeixinPaymentBase", "Payment\Himall.WeixinPaymentBase\Himall.WeixinPaymentBase.csproj", "{668F9D86-C077-4596-A585-EA10E2671DD6}"
EndProject
Project("{FAE04EC0-301F-11D3-BF4B-00C04F79EFBC}") = "Himall.Plugin.Payment.WeiXinPay_Native", "Payment\Himall.Plugin.Payment.WeiXinPay_Native\Himall.Plugin.Payment.WeiXinPay_Native.csproj", "{A1E34A71-26A5-41A1-9464-C70A6DF16D08}"
EndProject
Project("{FAE04EC0-301F-11D3-BF4B-00C04F79EFBC}") = "PaymentTest", "Payment\PaymentTest\PaymentTest.csproj", "{D869A8F2-5E97-49A5-A699-920653D8085B}"
EndProject
Project("{FAE04EC0-301F-11D3-BF4B-00C04F79EFBC}") = "Himall.Plugin.Payment.UnionPay", "Payment\Himall.Plugin.Payment.UnionPay\Himall.Plugin.Payment.UnionPay.csproj", "{72DBB873-8144-4611-9629-EF613DACA320}"
EndProject
Project("{FAE04EC0-301F-11D3-BF4B-00C04F79EFBC}") = "Himall.Plugin.Payment.Alipay_WAP", "Payment\Himall.Plugin.Payment.Alipay_WAP\Himall.Plugin.Payment.Alipay_WAP.csproj", "{EBD95464-6CA3-4DF0-8699-460E9BD99B78}"
EndProject
Project("{FAE04EC0-301F-11D3-BF4B-00C04F79EFBC}") = "Himall.Plugin.Payment.Alipay_QRCode", "Payment\Himall.Plugin.Payment.Alipay_QRCode\Himall.Plugin.Payment.Alipay_QRCode.csproj", "{7F487DF4-7985-489E-A02E-9CBCB0BF551D}"
EndProject
Project("{2150E333-8FDC-42A3-9474-1A3956D46DE8}") = "ALipay", "ALipay", "{B81BFF54-92B6-4C4C-95C3-FC830C097BA7}"
EndProject
Project("{FAE04EC0-301F-11D3-BF4B-00C04F79EFBC}") = "Himall.Plugin.Payment.Alipay.Base", "Payment\Himall.Plugin.Payment.Alipay.Base\Himall.Plugin.Payment.Alipay.Base.csproj", "{C6F5D458-955F-46A8-9D0F-EF79D52AFF0F}"
EndProject
Project("{FAE04EC0-301F-11D3-BF4B-00C04F79EFBC}") = "Himall.Plugin.Payment.Alipay_App", "Payment\Himall.Plugin.Payment.Alipay_App\Himall.Plugin.Payment.Alipay_App.csproj", "{BA1695E9-A657-436A-A5BC-1956D843725B}"
EndProject
Project("{FAE04EC0-301F-11D3-BF4B-00C04F79EFBC}") = "Himall.Plugin.Payment.WeiXinPay_App", "Payment\Himall.Plugin.Payment.WeiXinPay_App\Himall.Plugin.Payment.WeiXinPay_App.csproj", "{C5F98F91-90D9-4628-9C70-4605867A0DD5}"
EndProject
Global
	GlobalSection(SubversionScc) = preSolution
		Svn-Managed = True
		Manager = AnkhSVN - Subversion Support for Visual Studio
	EndGlobalSection
	GlobalSection(SolutionConfigurationPlatforms) = preSolution
		Debug|Any CPU = Debug|Any CPU
		Release|Any CPU = Release|Any CPU
	EndGlobalSection
	GlobalSection(ProjectConfigurationPlatforms) = postSolution
		{7CDFABC6-3239-4366-8146-0488AC0B423C}.Debug|Any CPU.ActiveCfg = Debug|Any CPU
		{7CDFABC6-3239-4366-8146-0488AC0B423C}.Debug|Any CPU.Build.0 = Debug|Any CPU
		{7CDFABC6-3239-4366-8146-0488AC0B423C}.Release|Any CPU.ActiveCfg = Release|Any CPU
		{7CDFABC6-3239-4366-8146-0488AC0B423C}.Release|Any CPU.Build.0 = Release|Any CPU
		{3CC81139-138A-41CB-A27F-0092B96EC833}.Debug|Any CPU.ActiveCfg = Debug|Any CPU
		{3CC81139-138A-41CB-A27F-0092B96EC833}.Debug|Any CPU.Build.0 = Debug|Any CPU
		{3CC81139-138A-41CB-A27F-0092B96EC833}.Release|Any CPU.ActiveCfg = Release|Any CPU
		{3CC81139-138A-41CB-A27F-0092B96EC833}.Release|Any CPU.Build.0 = Release|Any CPU
		{31E4EF8F-606F-4622-BAF3-2520118166B9}.Debug|Any CPU.ActiveCfg = Debug|Any CPU
		{31E4EF8F-606F-4622-BAF3-2520118166B9}.Debug|Any CPU.Build.0 = Debug|Any CPU
		{31E4EF8F-606F-4622-BAF3-2520118166B9}.Release|Any CPU.ActiveCfg = Release|Any CPU
		{31E4EF8F-606F-4622-BAF3-2520118166B9}.Release|Any CPU.Build.0 = Release|Any CPU
		{D987751F-5EFD-4CF8-AF84-F2A1E82CB34D}.Debug|Any CPU.ActiveCfg = Debug|Any CPU
		{D987751F-5EFD-4CF8-AF84-F2A1E82CB34D}.Debug|Any CPU.Build.0 = Debug|Any CPU
		{D987751F-5EFD-4CF8-AF84-F2A1E82CB34D}.Release|Any CPU.ActiveCfg = Release|Any CPU
		{D987751F-5EFD-4CF8-AF84-F2A1E82CB34D}.Release|Any CPU.Build.0 = Release|Any CPU
		{38D2BF12-E47D-4AE6-94EF-33914138B623}.Debug|Any CPU.ActiveCfg = Debug|Any CPU
		{38D2BF12-E47D-4AE6-94EF-33914138B623}.Debug|Any CPU.Build.0 = Debug|Any CPU
		{38D2BF12-E47D-4AE6-94EF-33914138B623}.Release|Any CPU.ActiveCfg = Release|Any CPU
		{38D2BF12-E47D-4AE6-94EF-33914138B623}.Release|Any CPU.Build.0 = Release|Any CPU
		{7073145C-2A75-492F-AD2B-572410C17338}.Debug|Any CPU.ActiveCfg = Debug|Any CPU
		{7073145C-2A75-492F-AD2B-572410C17338}.Debug|Any CPU.Build.0 = Debug|Any CPU
		{7073145C-2A75-492F-AD2B-572410C17338}.Release|Any CPU.ActiveCfg = Release|Any CPU
		{7073145C-2A75-492F-AD2B-572410C17338}.Release|Any CPU.Build.0 = Release|Any CPU
		{DA199132-DE9D-4D19-8A80-1F1EA077905B}.Debug|Any CPU.ActiveCfg = Debug|Any CPU
		{DA199132-DE9D-4D19-8A80-1F1EA077905B}.Debug|Any CPU.Build.0 = Debug|Any CPU
		{DA199132-DE9D-4D19-8A80-1F1EA077905B}.Release|Any CPU.ActiveCfg = Release|Any CPU
		{DA199132-DE9D-4D19-8A80-1F1EA077905B}.Release|Any CPU.Build.0 = Release|Any CPU
		{43D4D02B-9856-430B-B7CE-2947B303E0CA}.Debug|Any CPU.ActiveCfg = Debug|Any CPU
		{43D4D02B-9856-430B-B7CE-2947B303E0CA}.Debug|Any CPU.Build.0 = Debug|Any CPU
		{43D4D02B-9856-430B-B7CE-2947B303E0CA}.Release|Any CPU.ActiveCfg = Release|Any CPU
		{43D4D02B-9856-430B-B7CE-2947B303E0CA}.Release|Any CPU.Build.0 = Release|Any CPU
		{BC62E231-D39C-48D7-B042-F2D7F773BE56}.Debug|Any CPU.ActiveCfg = Debug|Any CPU
		{BC62E231-D39C-48D7-B042-F2D7F773BE56}.Debug|Any CPU.Build.0 = Debug|Any CPU
		{BC62E231-D39C-48D7-B042-F2D7F773BE56}.Release|Any CPU.ActiveCfg = Release|Any CPU
		{BC62E231-D39C-48D7-B042-F2D7F773BE56}.Release|Any CPU.Build.0 = Release|Any CPU
		{3A4F9253-A040-4FCD-929A-3AFC0EB1E8DE}.Debug|Any CPU.ActiveCfg = Debug|Any CPU
		{3A4F9253-A040-4FCD-929A-3AFC0EB1E8DE}.Debug|Any CPU.Build.0 = Debug|Any CPU
		{3A4F9253-A040-4FCD-929A-3AFC0EB1E8DE}.Release|Any CPU.ActiveCfg = Release|Any CPU
		{3A4F9253-A040-4FCD-929A-3AFC0EB1E8DE}.Release|Any CPU.Build.0 = Release|Any CPU
		{F2C5708F-E016-4FE6-9DDF-F84429D19FA8}.Debug|Any CPU.ActiveCfg = Debug|Any CPU
		{F2C5708F-E016-4FE6-9DDF-F84429D19FA8}.Debug|Any CPU.Build.0 = Debug|Any CPU
		{F2C5708F-E016-4FE6-9DDF-F84429D19FA8}.Release|Any CPU.ActiveCfg = Release|Any CPU
		{F2C5708F-E016-4FE6-9DDF-F84429D19FA8}.Release|Any CPU.Build.0 = Release|Any CPU
		{D2DA81B5-193A-40A3-BF75-9E33A853EB38}.Debug|Any CPU.ActiveCfg = Debug|Any CPU
		{D2DA81B5-193A-40A3-BF75-9E33A853EB38}.Debug|Any CPU.Build.0 = Debug|Any CPU
		{D2DA81B5-193A-40A3-BF75-9E33A853EB38}.Release|Any CPU.ActiveCfg = Release|Any CPU
		{D2DA81B5-193A-40A3-BF75-9E33A853EB38}.Release|Any CPU.Build.0 = Release|Any CPU
		{ED22A6DA-0091-4D5B-A204-C9F8A91C5BD9}.Debug|Any CPU.ActiveCfg = Debug|Any CPU
		{ED22A6DA-0091-4D5B-A204-C9F8A91C5BD9}.Debug|Any CPU.Build.0 = Debug|Any CPU
		{ED22A6DA-0091-4D5B-A204-C9F8A91C5BD9}.Release|Any CPU.ActiveCfg = Release|Any CPU
		{ED22A6DA-0091-4D5B-A204-C9F8A91C5BD9}.Release|Any CPU.Build.0 = Release|Any CPU
		{25AF8C9F-A373-480C-9B56-AEBE5E673F7B}.Debug|Any CPU.ActiveCfg = Debug|Any CPU
		{25AF8C9F-A373-480C-9B56-AEBE5E673F7B}.Debug|Any CPU.Build.0 = Debug|Any CPU
		{25AF8C9F-A373-480C-9B56-AEBE5E673F7B}.Release|Any CPU.ActiveCfg = Release|Any CPU
		{25AF8C9F-A373-480C-9B56-AEBE5E673F7B}.Release|Any CPU.Build.0 = Release|Any CPU
		{4DE511E3-7501-4E97-ABB7-DCC128E68EC9}.Debug|Any CPU.ActiveCfg = Debug|Any CPU
		{4DE511E3-7501-4E97-ABB7-DCC128E68EC9}.Debug|Any CPU.Build.0 = Debug|Any CPU
		{4DE511E3-7501-4E97-ABB7-DCC128E68EC9}.Release|Any CPU.ActiveCfg = Release|Any CPU
		{4DE511E3-7501-4E97-ABB7-DCC128E68EC9}.Release|Any CPU.Build.0 = Release|Any CPU
		{D7BE31D7-D196-4E0C-B424-1B52F1FCBE60}.Debug|Any CPU.ActiveCfg = Debug|Any CPU
		{D7BE31D7-D196-4E0C-B424-1B52F1FCBE60}.Debug|Any CPU.Build.0 = Debug|Any CPU
		{D7BE31D7-D196-4E0C-B424-1B52F1FCBE60}.Release|Any CPU.ActiveCfg = Release|Any CPU
		{D7BE31D7-D196-4E0C-B424-1B52F1FCBE60}.Release|Any CPU.Build.0 = Release|Any CPU
		{B5D81749-E3A5-4BFC-8577-6B1505FC83B7}.Debug|Any CPU.ActiveCfg = Debug|Any CPU
		{B5D81749-E3A5-4BFC-8577-6B1505FC83B7}.Debug|Any CPU.Build.0 = Debug|Any CPU
		{B5D81749-E3A5-4BFC-8577-6B1505FC83B7}.Release|Any CPU.ActiveCfg = Release|Any CPU
		{B5D81749-E3A5-4BFC-8577-6B1505FC83B7}.Release|Any CPU.Build.0 = Release|Any CPU
		{C0462B4C-1E62-4168-B3EA-7C0ABEC87A19}.Debug|Any CPU.ActiveCfg = Debug|Any CPU
		{C0462B4C-1E62-4168-B3EA-7C0ABEC87A19}.Debug|Any CPU.Build.0 = Debug|Any CPU
		{C0462B4C-1E62-4168-B3EA-7C0ABEC87A19}.Release|Any CPU.ActiveCfg = Release|Any CPU
		{C0462B4C-1E62-4168-B3EA-7C0ABEC87A19}.Release|Any CPU.Build.0 = Release|Any CPU
		{C1A757B5-D6B6-42BE-8671-747D799074B3}.Debug|Any CPU.ActiveCfg = Debug|Any CPU
		{C1A757B5-D6B6-42BE-8671-747D799074B3}.Debug|Any CPU.Build.0 = Debug|Any CPU
		{C1A757B5-D6B6-42BE-8671-747D799074B3}.Release|Any CPU.ActiveCfg = Release|Any CPU
		{C1A757B5-D6B6-42BE-8671-747D799074B3}.Release|Any CPU.Build.0 = Release|Any CPU
		{668F9D86-C077-4596-A585-EA10E2671DD6}.Debug|Any CPU.ActiveCfg = Debug|Any CPU
		{668F9D86-C077-4596-A585-EA10E2671DD6}.Debug|Any CPU.Build.0 = Debug|Any CPU
		{668F9D86-C077-4596-A585-EA10E2671DD6}.Release|Any CPU.ActiveCfg = Release|Any CPU
		{668F9D86-C077-4596-A585-EA10E2671DD6}.Release|Any CPU.Build.0 = Release|Any CPU
		{A1E34A71-26A5-41A1-9464-C70A6DF16D08}.Debug|Any CPU.ActiveCfg = Debug|Any CPU
		{A1E34A71-26A5-41A1-9464-C70A6DF16D08}.Debug|Any CPU.Build.0 = Debug|Any CPU
		{A1E34A71-26A5-41A1-9464-C70A6DF16D08}.Release|Any CPU.ActiveCfg = Release|Any CPU
		{A1E34A71-26A5-41A1-9464-C70A6DF16D08}.Release|Any CPU.Build.0 = Release|Any CPU
		{D869A8F2-5E97-49A5-A699-920653D8085B}.Debug|Any CPU.ActiveCfg = Debug|Any CPU
		{D869A8F2-5E97-49A5-A699-920653D8085B}.Debug|Any CPU.Build.0 = Debug|Any CPU
		{D869A8F2-5E97-49A5-A699-920653D8085B}.Release|Any CPU.ActiveCfg = Release|Any CPU
		{D869A8F2-5E97-49A5-A699-920653D8085B}.Release|Any CPU.Build.0 = Release|Any CPU
		{72DBB873-8144-4611-9629-EF613DACA320}.Debug|Any CPU.ActiveCfg = Debug|Any CPU
		{72DBB873-8144-4611-9629-EF613DACA320}.Debug|Any CPU.Build.0 = Debug|Any CPU
		{72DBB873-8144-4611-9629-EF613DACA320}.Release|Any CPU.ActiveCfg = Release|Any CPU
		{72DBB873-8144-4611-9629-EF613DACA320}.Release|Any CPU.Build.0 = Release|Any CPU
		{EBD95464-6CA3-4DF0-8699-460E9BD99B78}.Debug|Any CPU.ActiveCfg = Debug|Any CPU
		{EBD95464-6CA3-4DF0-8699-460E9BD99B78}.Debug|Any CPU.Build.0 = Debug|Any CPU
		{EBD95464-6CA3-4DF0-8699-460E9BD99B78}.Release|Any CPU.ActiveCfg = Release|Any CPU
		{EBD95464-6CA3-4DF0-8699-460E9BD99B78}.Release|Any CPU.Build.0 = Release|Any CPU
		{7F487DF4-7985-489E-A02E-9CBCB0BF551D}.Debug|Any CPU.ActiveCfg = Debug|Any CPU
		{7F487DF4-7985-489E-A02E-9CBCB0BF551D}.Debug|Any CPU.Build.0 = Debug|Any CPU
		{7F487DF4-7985-489E-A02E-9CBCB0BF551D}.Release|Any CPU.ActiveCfg = Release|Any CPU
		{7F487DF4-7985-489E-A02E-9CBCB0BF551D}.Release|Any CPU.Build.0 = Release|Any CPU
		{C6F5D458-955F-46A8-9D0F-EF79D52AFF0F}.Debug|Any CPU.ActiveCfg = Debug|Any CPU
		{C6F5D458-955F-46A8-9D0F-EF79D52AFF0F}.Debug|Any CPU.Build.0 = Debug|Any CPU
		{C6F5D458-955F-46A8-9D0F-EF79D52AFF0F}.Release|Any CPU.ActiveCfg = Release|Any CPU
		{C6F5D458-955F-46A8-9D0F-EF79D52AFF0F}.Release|Any CPU.Build.0 = Release|Any CPU
		{BA1695E9-A657-436A-A5BC-1956D843725B}.Debug|Any CPU.ActiveCfg = Debug|Any CPU
		{BA1695E9-A657-436A-A5BC-1956D843725B}.Debug|Any CPU.Build.0 = Debug|Any CPU
		{BA1695E9-A657-436A-A5BC-1956D843725B}.Release|Any CPU.ActiveCfg = Release|Any CPU
		{BA1695E9-A657-436A-A5BC-1956D843725B}.Release|Any CPU.Build.0 = Release|Any CPU
		{C5F98F91-90D9-4628-9C70-4605867A0DD5}.Debug|Any CPU.ActiveCfg = Debug|Any CPU
		{C5F98F91-90D9-4628-9C70-4605867A0DD5}.Debug|Any CPU.Build.0 = Debug|Any CPU
		{C5F98F91-90D9-4628-9C70-4605867A0DD5}.Release|Any CPU.ActiveCfg = Release|Any CPU
		{C5F98F91-90D9-4628-9C70-4605867A0DD5}.Release|Any CPU.Build.0 = Release|Any CPU
	EndGlobalSection
	GlobalSection(SolutionProperties) = preSolution
		HideSolutionNode = FALSE
	EndGlobalSection
	GlobalSection(NestedProjects) = preSolution
		{7CDFABC6-3239-4366-8146-0488AC0B423C} = {84283F45-621D-4DA1-8A40-91D12BA277AE}
		{3CC81139-138A-41CB-A27F-0092B96EC833} = {84283F45-621D-4DA1-8A40-91D12BA277AE}
		{31E4EF8F-606F-4622-BAF3-2520118166B9} = {84283F45-621D-4DA1-8A40-91D12BA277AE}
		{D987751F-5EFD-4CF8-AF84-F2A1E82CB34D} = {84283F45-621D-4DA1-8A40-91D12BA277AE}
		{38D2BF12-E47D-4AE6-94EF-33914138B623} = {84283F45-621D-4DA1-8A40-91D12BA277AE}
		{7073145C-2A75-492F-AD2B-572410C17338} = {84283F45-621D-4DA1-8A40-91D12BA277AE}
		{DA199132-DE9D-4D19-8A80-1F1EA077905B} = {84283F45-621D-4DA1-8A40-91D12BA277AE}
		{43D4D02B-9856-430B-B7CE-2947B303E0CA} = {84283F45-621D-4DA1-8A40-91D12BA277AE}
		{BC62E231-D39C-48D7-B042-F2D7F773BE56} = {84283F45-621D-4DA1-8A40-91D12BA277AE}
		{3A4F9253-A040-4FCD-929A-3AFC0EB1E8DE} = {84283F45-621D-4DA1-8A40-91D12BA277AE}
		{F2C5708F-E016-4FE6-9DDF-F84429D19FA8} = {FC30144B-F61D-44CA-9695-23D8542C22D8}
		{D2DA81B5-193A-40A3-BF75-9E33A853EB38} = {FC30144B-F61D-44CA-9695-23D8542C22D8}
		{ED22A6DA-0091-4D5B-A204-C9F8A91C5BD9} = {B81BFF54-92B6-4C4C-95C3-FC830C097BA7}
		{25AF8C9F-A373-480C-9B56-AEBE5E673F7B} = {4F36418B-5820-4C10-9C65-475B062F7D33}
		{4DE511E3-7501-4E97-ABB7-DCC128E68EC9} = {4F36418B-5820-4C10-9C65-475B062F7D33}
		{D7BE31D7-D196-4E0C-B424-1B52F1FCBE60} = {4F36418B-5820-4C10-9C65-475B062F7D33}
		{B5D81749-E3A5-4BFC-8577-6B1505FC83B7} = {84E75A37-9532-412F-ADE0-0969C93B45E4}
		{C0462B4C-1E62-4168-B3EA-7C0ABEC87A19} = {FC30144B-F61D-44CA-9695-23D8542C22D8}
		{C1A757B5-D6B6-42BE-8671-747D799074B3} = {57E1629C-E07E-4965-81E8-CE08B4A29B27}
		{57E1629C-E07E-4965-81E8-CE08B4A29B27} = {84E75A37-9532-412F-ADE0-0969C93B45E4}
		{668F9D86-C077-4596-A585-EA10E2671DD6} = {57E1629C-E07E-4965-81E8-CE08B4A29B27}
		{A1E34A71-26A5-41A1-9464-C70A6DF16D08} = {57E1629C-E07E-4965-81E8-CE08B4A29B27}
		{D869A8F2-5E97-49A5-A699-920653D8085B} = {84E75A37-9532-412F-ADE0-0969C93B45E4}
		{72DBB873-8144-4611-9629-EF613DACA320} = {84E75A37-9532-412F-ADE0-0969C93B45E4}
		{EBD95464-6CA3-4DF0-8699-460E9BD99B78} = {B81BFF54-92B6-4C4C-95C3-FC830C097BA7}
		{7F487DF4-7985-489E-A02E-9CBCB0BF551D} = {B81BFF54-92B6-4C4C-95C3-FC830C097BA7}
		{B81BFF54-92B6-4C4C-95C3-FC830C097BA7} = {84E75A37-9532-412F-ADE0-0969C93B45E4}
		{C6F5D458-955F-46A8-9D0F-EF79D52AFF0F} = {B81BFF54-92B6-4C4C-95C3-FC830C097BA7}
		{BA1695E9-A657-436A-A5BC-1956D843725B} = {B81BFF54-92B6-4C4C-95C3-FC830C097BA7}
		{C5F98F91-90D9-4628-9C70-4605867A0DD5} = {57E1629C-E07E-4965-81E8-CE08B4A29B27}
	EndGlobalSection
EndGlobal
