
Microsoft Visual Studio Solution File, Format Version 12.00
# Visual Studio 15
VisualStudioVersion = 15.0.26430.6
MinimumVisualStudioVersion = 10.0.40219.1
Project("{2150E333-8FDC-42A3-9474-1A3956D46DE8}") = "Service", "Service", "{88D74C8A-9B0C-41C1-8C2B-9B9E9B6585AA}"
EndProject
Project("{2150E333-8FDC-42A3-9474-1A3956D46DE8}") = "Data", "Data", "{962AF83E-F14C-4CCF-AB31-B13AAFBBCCF1}"
EndProject
Project("{2150E333-8FDC-42A3-9474-1A3956D46DE8}") = "Web", "Web", "{AD5EEC90-D44E-4397-9C0A-F9CC896EF59C}"
EndProject
Project("{2150E333-8FDC-42A3-9474-1A3956D46DE8}") = ".nuget", ".nuget", "{06FC3C8F-B8DD-4EBE-97AB-755745A6D467}"
	ProjectSection(SolutionItems) = preProject
		.nuget\NuGet.Config = .nuget\NuGet.Config
		.nuget\NuGet.exe = .nuget\NuGet.exe
		.nuget\NuGet.targets = .nuget\NuGet.targets
	EndProjectSection
EndProject
Project("{FAE04EC0-301F-11D3-BF4B-00C04F79EFBC}") = "Himall.API", "Himall.API\Himall.API.csproj", "{E7DA9AD3-8722-404F-B0FE-C4D727EB04AE}"
EndProject
Project("{2150E333-8FDC-42A3-9474-1A3956D46DE8}") = "Application", "Application", "{EB030BC5-7825-46D7-91BA-1B1670DBD46B}"
EndProject
Project("{FAE04EC0-301F-11D3-BF4B-00C04F79EFBC}") = "Himall.CommonModel", "Himall.CommonModel\Himall.CommonModel.csproj", "{9378BFDF-A45E-416A-AFBA-5ABC792F2613}"
EndProject
Project("{FAE04EC0-301F-11D3-BF4B-00C04F79EFBC}") = "HiMall.OpenApi", "HiMall.OpenApi\HiMall.OpenApi.csproj", "{46D51A9A-9FB3-4B93-9D42-7F53A77846F8}"
EndProject
Project("{FAE04EC0-301F-11D3-BF4B-00C04F79EFBC}") = "Himall.Web", "Himall.Web\Himall.Web.csproj", "{26F48DDE-4FC4-497B-89ED-AABDAE9733EA}"
EndProject
Project("{FAE04EC0-301F-11D3-BF4B-00C04F79EFBC}") = "Himall.Web.Framework", "Himall.Web.Framework\Himall.Web.Framework.csproj", "{CAD920D8-3B70-4D9D-AD02-677DD789964D}"
EndProject
Project("{FAE04EC0-301F-11D3-BF4B-00C04F79EFBC}") = "Himall.IServices", "Himall.IService\Himall.IServices.csproj", "{CC035CA9-A8CF-4068-8271-9FA02B69D9E8}"
EndProject
Project("{FAE04EC0-301F-11D3-BF4B-00C04F79EFBC}") = "Himall.Service", "Himall.Service\Himall.Service.csproj", "{361A90EB-3BBE-405A-826A-33C0D0ACABF7}"
EndProject
Project("{FAE04EC0-301F-11D3-BF4B-00C04F79EFBC}") = "Himall.ServiceProvider", "Himall.ServiceProvider\Himall.ServiceProvider.csproj", "{D8A97225-4720-41FF-8235-BAE0BF16CC4D}"
EndProject
Project("{FAE04EC0-301F-11D3-BF4B-00C04F79EFBC}") = "Himall.IServiceTest", "Himall.IServiceTest\Himall.IServiceTest.csproj", "{11AEADBD-464F-4D5C-BAD7-60AC4D1D3A0D}"
EndProject
Project("{FAE04EC0-301F-11D3-BF4B-00C04F79EFBC}") = "Himall.Entity", "Himall.Entity\Himall.Entity.csproj", "{3AC43B71-B5A6-4331-8517-153812ABAA9A}"
EndProject
Project("{FAE04EC0-301F-11D3-BF4B-00C04F79EFBC}") = "Himall.Model", "Himall.Model\Himall.Model.csproj", "{E607D04D-3B11-409B-B832-E95BB4E9A84E}"
EndProject
Project("{FAE04EC0-301F-11D3-BF4B-00C04F79EFBC}") = "Himall.Application", "Himall.Application\Himall.Application.csproj", "{3853B062-24B6-44FF-B088-CD80FDDFAC37}"
EndProject
Project("{FAE04EC0-301F-11D3-BF4B-00C04F79EFBC}") = "Himall.DTO", "Himall.DTO\Himall.DTO.csproj", "{8E003825-40AF-44FC-B3A2-EDF867B0C050}"
EndProject
Project("{FAE04EC0-301F-11D3-BF4B-00C04F79EFBC}") = "WinStatisticsService", "WinStatisticsService\WinStatisticsService.csproj", "{E1A479A5-4213-4BCB-A558-D5AB0103E815}"
EndProject
Project("{2150E333-8FDC-42A3-9474-1A3956D46DE8}") = "WinServices", "WinServices", "{6F53A9BB-AB8E-40B7-B0C8-CE65B46FE4AE}"
EndProject
Project("{FAE04EC0-301F-11D3-BF4B-00C04F79EFBC}") = "WinServiceBase", "WinServiceBase\WinServiceBase.csproj", "{A81B17DE-871F-40E1-8A4F-0F798A0A9DAF}"
EndProject
Project("{FAE04EC0-301F-11D3-BF4B-00C04F79EFBC}") = "WinOrderService", "WinOrderService\WinOrderService.csproj", "{7497CD75-F4DB-44D2-A652-A8497611EB2E}"
EndProject
Project("{FAE04EC0-301F-11D3-BF4B-00C04F79EFBC}") = "WinShopServices", "WinShopServices\WinShopServices.csproj", "{C93C2005-B947-436D-9023-7194FE3A5615}"
EndProject
Project("{FAE04EC0-301F-11D3-BF4B-00C04F79EFBC}") = "WinSettlementService", "WinSettlementService\WinSettlementService.csproj", "{392396D9-5825-42B5-9227-AF6F9A1AECB9}"
EndProject
Project("{FAE04EC0-301F-11D3-BF4B-00C04F79EFBC}") = "WinBrokerageService", "WinBrokerageService\WinBrokerageService.csproj", "{91AE0E63-3C1E-4A60-A06D-4D1780650186}"
EndProject
Project("{FAE04EC0-301F-11D3-BF4B-00C04F79EFBC}") = "WinOrderTradeStatisticsService", "WinOrderTradeStatisticsService\WinOrderTradeStatisticsService.csproj", "{783B681C-2C42-4C26-B8A3-5FE0583EE36D}"
EndProject
Project("{FAE04EC0-301F-11D3-BF4B-00C04F79EFBC}") = "WinOrderCommentsService", "WinOrderCommentsService\WinOrderCommentsService.csproj", "{EDF81D1B-A2E5-4672-ACE3-6A65A8AB1C64}"
EndProject
Project("{FAE04EC0-301F-11D3-BF4B-00C04F79EFBC}") = "WinOrderProductStatisticsService", "WinOrderProductStatisticsService\WinOrderProductStatisticsService.csproj", "{A2218177-FCB5-4AB9-B7B7-C21B0BD003ED}"
EndProject
Project("{FAE04EC0-301F-11D3-BF4B-00C04F79EFBC}") = "WinServicesUnitTest", "WinServicesUnitTest\WinServicesUnitTest.csproj", "{26183655-91B5-45EA-81AD-E21C73D00792}"
EndProject
Project("{FAE04EC0-301F-11D3-BF4B-00C04F79EFBC}") = "Himall.SmallProgAPI", "Himall.SmallProgAPI\Himall.SmallProgAPI.csproj", "{B6FF370C-B691-4315-803D-A027FE017E58}"
EndProject
Global
	GlobalSection(SolutionConfigurationPlatforms) = preSolution
		Debug|Any CPU = Debug|Any CPU
		Debug|ARM = Debug|ARM
		Debug|x64 = Debug|x64
		Debug|x86 = Debug|x86
		Release|Any CPU = Release|Any CPU
		Release|ARM = Release|ARM
		Release|x64 = Release|x64
		Release|x86 = Release|x86
		Test|Any CPU = Test|Any CPU
		Test|ARM = Test|ARM
		Test|x64 = Test|x64
		Test|x86 = Test|x86
	EndGlobalSection
	GlobalSection(ProjectConfigurationPlatforms) = postSolution
		{E7DA9AD3-8722-404F-B0FE-C4D727EB04AE}.Debug|Any CPU.ActiveCfg = Debug|Any CPU
		{E7DA9AD3-8722-404F-B0FE-C4D727EB04AE}.Debug|Any CPU.Build.0 = Debug|Any CPU
		{E7DA9AD3-8722-404F-B0FE-C4D727EB04AE}.Debug|ARM.ActiveCfg = Debug|Any CPU
		{E7DA9AD3-8722-404F-B0FE-C4D727EB04AE}.Debug|ARM.Build.0 = Debug|Any CPU
		{E7DA9AD3-8722-404F-B0FE-C4D727EB04AE}.Debug|x64.ActiveCfg = Debug|Any CPU
		{E7DA9AD3-8722-404F-B0FE-C4D727EB04AE}.Debug|x64.Build.0 = Debug|Any CPU
		{E7DA9AD3-8722-404F-B0FE-C4D727EB04AE}.Debug|x86.ActiveCfg = Debug|Any CPU
		{E7DA9AD3-8722-404F-B0FE-C4D727EB04AE}.Debug|x86.Build.0 = Debug|Any CPU
		{E7DA9AD3-8722-404F-B0FE-C4D727EB04AE}.Release|Any CPU.ActiveCfg = Release|Any CPU
		{E7DA9AD3-8722-404F-B0FE-C4D727EB04AE}.Release|Any CPU.Build.0 = Release|Any CPU
		{E7DA9AD3-8722-404F-B0FE-C4D727EB04AE}.Release|ARM.ActiveCfg = Release|Any CPU
		{E7DA9AD3-8722-404F-B0FE-C4D727EB04AE}.Release|ARM.Build.0 = Release|Any CPU
		{E7DA9AD3-8722-404F-B0FE-C4D727EB04AE}.Release|x64.ActiveCfg = Release|Any CPU
		{E7DA9AD3-8722-404F-B0FE-C4D727EB04AE}.Release|x64.Build.0 = Release|Any CPU
		{E7DA9AD3-8722-404F-B0FE-C4D727EB04AE}.Release|x86.ActiveCfg = Release|Any CPU
		{E7DA9AD3-8722-404F-B0FE-C4D727EB04AE}.Release|x86.Build.0 = Release|Any CPU
		{E7DA9AD3-8722-404F-B0FE-C4D727EB04AE}.Test|Any CPU.ActiveCfg = Release|Any CPU
		{E7DA9AD3-8722-404F-B0FE-C4D727EB04AE}.Test|Any CPU.Build.0 = Release|Any CPU
		{E7DA9AD3-8722-404F-B0FE-C4D727EB04AE}.Test|ARM.ActiveCfg = Release|Any CPU
		{E7DA9AD3-8722-404F-B0FE-C4D727EB04AE}.Test|ARM.Build.0 = Release|Any CPU
		{E7DA9AD3-8722-404F-B0FE-C4D727EB04AE}.Test|x64.ActiveCfg = Release|Any CPU
		{E7DA9AD3-8722-404F-B0FE-C4D727EB04AE}.Test|x64.Build.0 = Release|Any CPU
		{E7DA9AD3-8722-404F-B0FE-C4D727EB04AE}.Test|x86.ActiveCfg = Release|Any CPU
		{E7DA9AD3-8722-404F-B0FE-C4D727EB04AE}.Test|x86.Build.0 = Release|Any CPU
		{9378BFDF-A45E-416A-AFBA-5ABC792F2613}.Debug|Any CPU.ActiveCfg = Debug|Any CPU
		{9378BFDF-A45E-416A-AFBA-5ABC792F2613}.Debug|Any CPU.Build.0 = Debug|Any CPU
		{9378BFDF-A45E-416A-AFBA-5ABC792F2613}.Debug|ARM.ActiveCfg = Debug|Any CPU
		{9378BFDF-A45E-416A-AFBA-5ABC792F2613}.Debug|ARM.Build.0 = Debug|Any CPU
		{9378BFDF-A45E-416A-AFBA-5ABC792F2613}.Debug|x64.ActiveCfg = Debug|Any CPU
		{9378BFDF-A45E-416A-AFBA-5ABC792F2613}.Debug|x64.Build.0 = Debug|Any CPU
		{9378BFDF-A45E-416A-AFBA-5ABC792F2613}.Debug|x86.ActiveCfg = Debug|Any CPU
		{9378BFDF-A45E-416A-AFBA-5ABC792F2613}.Debug|x86.Build.0 = Debug|Any CPU
		{9378BFDF-A45E-416A-AFBA-5ABC792F2613}.Release|Any CPU.ActiveCfg = Release|Any CPU
		{9378BFDF-A45E-416A-AFBA-5ABC792F2613}.Release|Any CPU.Build.0 = Release|Any CPU
		{9378BFDF-A45E-416A-AFBA-5ABC792F2613}.Release|ARM.ActiveCfg = Release|Any CPU
		{9378BFDF-A45E-416A-AFBA-5ABC792F2613}.Release|ARM.Build.0 = Release|Any CPU
		{9378BFDF-A45E-416A-AFBA-5ABC792F2613}.Release|x64.ActiveCfg = Release|Any CPU
		{9378BFDF-A45E-416A-AFBA-5ABC792F2613}.Release|x64.Build.0 = Release|Any CPU
		{9378BFDF-A45E-416A-AFBA-5ABC792F2613}.Release|x86.ActiveCfg = Release|Any CPU
		{9378BFDF-A45E-416A-AFBA-5ABC792F2613}.Release|x86.Build.0 = Release|Any CPU
		{9378BFDF-A45E-416A-AFBA-5ABC792F2613}.Test|Any CPU.ActiveCfg = Release|Any CPU
		{9378BFDF-A45E-416A-AFBA-5ABC792F2613}.Test|Any CPU.Build.0 = Release|Any CPU
		{9378BFDF-A45E-416A-AFBA-5ABC792F2613}.Test|ARM.ActiveCfg = Release|Any CPU
		{9378BFDF-A45E-416A-AFBA-5ABC792F2613}.Test|ARM.Build.0 = Release|Any CPU
		{9378BFDF-A45E-416A-AFBA-5ABC792F2613}.Test|x64.ActiveCfg = Release|Any CPU
		{9378BFDF-A45E-416A-AFBA-5ABC792F2613}.Test|x64.Build.0 = Release|Any CPU
		{9378BFDF-A45E-416A-AFBA-5ABC792F2613}.Test|x86.ActiveCfg = Release|Any CPU
		{9378BFDF-A45E-416A-AFBA-5ABC792F2613}.Test|x86.Build.0 = Release|Any CPU
		{46D51A9A-9FB3-4B93-9D42-7F53A77846F8}.Debug|Any CPU.ActiveCfg = Debug|Any CPU
		{46D51A9A-9FB3-4B93-9D42-7F53A77846F8}.Debug|Any CPU.Build.0 = Debug|Any CPU
		{46D51A9A-9FB3-4B93-9D42-7F53A77846F8}.Debug|ARM.ActiveCfg = Debug|Any CPU
		{46D51A9A-9FB3-4B93-9D42-7F53A77846F8}.Debug|ARM.Build.0 = Debug|Any CPU
		{46D51A9A-9FB3-4B93-9D42-7F53A77846F8}.Debug|x64.ActiveCfg = Debug|Any CPU
		{46D51A9A-9FB3-4B93-9D42-7F53A77846F8}.Debug|x64.Build.0 = Debug|Any CPU
		{46D51A9A-9FB3-4B93-9D42-7F53A77846F8}.Debug|x86.ActiveCfg = Debug|Any CPU
		{46D51A9A-9FB3-4B93-9D42-7F53A77846F8}.Debug|x86.Build.0 = Debug|Any CPU
		{46D51A9A-9FB3-4B93-9D42-7F53A77846F8}.Release|Any CPU.ActiveCfg = Release|Any CPU
		{46D51A9A-9FB3-4B93-9D42-7F53A77846F8}.Release|Any CPU.Build.0 = Release|Any CPU
		{46D51A9A-9FB3-4B93-9D42-7F53A77846F8}.Release|ARM.ActiveCfg = Release|Any CPU
		{46D51A9A-9FB3-4B93-9D42-7F53A77846F8}.Release|ARM.Build.0 = Release|Any CPU
		{46D51A9A-9FB3-4B93-9D42-7F53A77846F8}.Release|x64.ActiveCfg = Release|Any CPU
		{46D51A9A-9FB3-4B93-9D42-7F53A77846F8}.Release|x64.Build.0 = Release|Any CPU
		{46D51A9A-9FB3-4B93-9D42-7F53A77846F8}.Release|x86.ActiveCfg = Release|Any CPU
		{46D51A9A-9FB3-4B93-9D42-7F53A77846F8}.Release|x86.Build.0 = Release|Any CPU
		{46D51A9A-9FB3-4B93-9D42-7F53A77846F8}.Test|Any CPU.ActiveCfg = Release|Any CPU
		{46D51A9A-9FB3-4B93-9D42-7F53A77846F8}.Test|Any CPU.Build.0 = Release|Any CPU
		{46D51A9A-9FB3-4B93-9D42-7F53A77846F8}.Test|ARM.ActiveCfg = Release|Any CPU
		{46D51A9A-9FB3-4B93-9D42-7F53A77846F8}.Test|ARM.Build.0 = Release|Any CPU
		{46D51A9A-9FB3-4B93-9D42-7F53A77846F8}.Test|x64.ActiveCfg = Release|Any CPU
		{46D51A9A-9FB3-4B93-9D42-7F53A77846F8}.Test|x64.Build.0 = Release|Any CPU
		{46D51A9A-9FB3-4B93-9D42-7F53A77846F8}.Test|x86.ActiveCfg = Release|Any CPU
		{46D51A9A-9FB3-4B93-9D42-7F53A77846F8}.Test|x86.Build.0 = Release|Any CPU
		{26F48DDE-4FC4-497B-89ED-AABDAE9733EA}.Debug|Any CPU.ActiveCfg = Debug|Any CPU
		{26F48DDE-4FC4-497B-89ED-AABDAE9733EA}.Debug|Any CPU.Build.0 = Debug|Any CPU
		{26F48DDE-4FC4-497B-89ED-AABDAE9733EA}.Debug|ARM.ActiveCfg = Debug|Any CPU
		{26F48DDE-4FC4-497B-89ED-AABDAE9733EA}.Debug|ARM.Build.0 = Debug|Any CPU
		{26F48DDE-4FC4-497B-89ED-AABDAE9733EA}.Debug|x64.ActiveCfg = Debug|Any CPU
		{26F48DDE-4FC4-497B-89ED-AABDAE9733EA}.Debug|x64.Build.0 = Debug|Any CPU
		{26F48DDE-4FC4-497B-89ED-AABDAE9733EA}.Debug|x86.ActiveCfg = Debug|Any CPU
		{26F48DDE-4FC4-497B-89ED-AABDAE9733EA}.Debug|x86.Build.0 = Debug|Any CPU
		{26F48DDE-4FC4-497B-89ED-AABDAE9733EA}.Release|Any CPU.ActiveCfg = Release|Any CPU
		{26F48DDE-4FC4-497B-89ED-AABDAE9733EA}.Release|Any CPU.Build.0 = Release|Any CPU
		{26F48DDE-4FC4-497B-89ED-AABDAE9733EA}.Release|ARM.ActiveCfg = Release|Any CPU
		{26F48DDE-4FC4-497B-89ED-AABDAE9733EA}.Release|ARM.Build.0 = Release|Any CPU
		{26F48DDE-4FC4-497B-89ED-AABDAE9733EA}.Release|x64.ActiveCfg = Release|Any CPU
		{26F48DDE-4FC4-497B-89ED-AABDAE9733EA}.Release|x64.Build.0 = Release|Any CPU
		{26F48DDE-4FC4-497B-89ED-AABDAE9733EA}.Release|x86.ActiveCfg = Release|Any CPU
		{26F48DDE-4FC4-497B-89ED-AABDAE9733EA}.Release|x86.Build.0 = Release|Any CPU
		{26F48DDE-4FC4-497B-89ED-AABDAE9733EA}.Test|Any CPU.ActiveCfg = Release|Any CPU
		{26F48DDE-4FC4-497B-89ED-AABDAE9733EA}.Test|Any CPU.Build.0 = Release|Any CPU
		{26F48DDE-4FC4-497B-89ED-AABDAE9733EA}.Test|ARM.ActiveCfg = Release|Any CPU
		{26F48DDE-4FC4-497B-89ED-AABDAE9733EA}.Test|ARM.Build.0 = Release|Any CPU
		{26F48DDE-4FC4-497B-89ED-AABDAE9733EA}.Test|x64.ActiveCfg = Release|Any CPU
		{26F48DDE-4FC4-497B-89ED-AABDAE9733EA}.Test|x64.Build.0 = Release|Any CPU
		{26F48DDE-4FC4-497B-89ED-AABDAE9733EA}.Test|x86.ActiveCfg = Release|Any CPU
		{26F48DDE-4FC4-497B-89ED-AABDAE9733EA}.Test|x86.Build.0 = Release|Any CPU
		{CAD920D8-3B70-4D9D-AD02-677DD789964D}.Debug|Any CPU.ActiveCfg = Debug|Any CPU
		{CAD920D8-3B70-4D9D-AD02-677DD789964D}.Debug|Any CPU.Build.0 = Debug|Any CPU
		{CAD920D8-3B70-4D9D-AD02-677DD789964D}.Debug|ARM.ActiveCfg = Debug|Any CPU
		{CAD920D8-3B70-4D9D-AD02-677DD789964D}.Debug|ARM.Build.0 = Debug|Any CPU
		{CAD920D8-3B70-4D9D-AD02-677DD789964D}.Debug|x64.ActiveCfg = Debug|Any CPU
		{CAD920D8-3B70-4D9D-AD02-677DD789964D}.Debug|x64.Build.0 = Debug|Any CPU
		{CAD920D8-3B70-4D9D-AD02-677DD789964D}.Debug|x86.ActiveCfg = Debug|Any CPU
		{CAD920D8-3B70-4D9D-AD02-677DD789964D}.Debug|x86.Build.0 = Debug|Any CPU
		{CAD920D8-3B70-4D9D-AD02-677DD789964D}.Release|Any CPU.ActiveCfg = Release|Any CPU
		{CAD920D8-3B70-4D9D-AD02-677DD789964D}.Release|Any CPU.Build.0 = Release|Any CPU
		{CAD920D8-3B70-4D9D-AD02-677DD789964D}.Release|ARM.ActiveCfg = Release|Any CPU
		{CAD920D8-3B70-4D9D-AD02-677DD789964D}.Release|ARM.Build.0 = Release|Any CPU
		{CAD920D8-3B70-4D9D-AD02-677DD789964D}.Release|x64.ActiveCfg = Release|Any CPU
		{CAD920D8-3B70-4D9D-AD02-677DD789964D}.Release|x64.Build.0 = Release|Any CPU
		{CAD920D8-3B70-4D9D-AD02-677DD789964D}.Release|x86.ActiveCfg = Release|Any CPU
		{CAD920D8-3B70-4D9D-AD02-677DD789964D}.Release|x86.Build.0 = Release|Any CPU
		{CAD920D8-3B70-4D9D-AD02-677DD789964D}.Test|Any CPU.ActiveCfg = Release|Any CPU
		{CAD920D8-3B70-4D9D-AD02-677DD789964D}.Test|Any CPU.Build.0 = Release|Any CPU
		{CAD920D8-3B70-4D9D-AD02-677DD789964D}.Test|ARM.ActiveCfg = Release|Any CPU
		{CAD920D8-3B70-4D9D-AD02-677DD789964D}.Test|ARM.Build.0 = Release|Any CPU
		{CAD920D8-3B70-4D9D-AD02-677DD789964D}.Test|x64.ActiveCfg = Release|Any CPU
		{CAD920D8-3B70-4D9D-AD02-677DD789964D}.Test|x64.Build.0 = Release|Any CPU
		{CAD920D8-3B70-4D9D-AD02-677DD789964D}.Test|x86.ActiveCfg = Release|Any CPU
		{CAD920D8-3B70-4D9D-AD02-677DD789964D}.Test|x86.Build.0 = Release|Any CPU
		{CC035CA9-A8CF-4068-8271-9FA02B69D9E8}.Debug|Any CPU.ActiveCfg = Debug|Any CPU
		{CC035CA9-A8CF-4068-8271-9FA02B69D9E8}.Debug|Any CPU.Build.0 = Debug|Any CPU
		{CC035CA9-A8CF-4068-8271-9FA02B69D9E8}.Debug|ARM.ActiveCfg = Debug|Any CPU
		{CC035CA9-A8CF-4068-8271-9FA02B69D9E8}.Debug|ARM.Build.0 = Debug|Any CPU
		{CC035CA9-A8CF-4068-8271-9FA02B69D9E8}.Debug|x64.ActiveCfg = Debug|Any CPU
		{CC035CA9-A8CF-4068-8271-9FA02B69D9E8}.Debug|x64.Build.0 = Debug|Any CPU
		{CC035CA9-A8CF-4068-8271-9FA02B69D9E8}.Debug|x86.ActiveCfg = Debug|Any CPU
		{CC035CA9-A8CF-4068-8271-9FA02B69D9E8}.Debug|x86.Build.0 = Debug|Any CPU
		{CC035CA9-A8CF-4068-8271-9FA02B69D9E8}.Release|Any CPU.ActiveCfg = Release|Any CPU
		{CC035CA9-A8CF-4068-8271-9FA02B69D9E8}.Release|Any CPU.Build.0 = Release|Any CPU
		{CC035CA9-A8CF-4068-8271-9FA02B69D9E8}.Release|ARM.ActiveCfg = Release|Any CPU
		{CC035CA9-A8CF-4068-8271-9FA02B69D9E8}.Release|ARM.Build.0 = Release|Any CPU
		{CC035CA9-A8CF-4068-8271-9FA02B69D9E8}.Release|x64.ActiveCfg = Release|Any CPU
		{CC035CA9-A8CF-4068-8271-9FA02B69D9E8}.Release|x64.Build.0 = Release|Any CPU
		{CC035CA9-A8CF-4068-8271-9FA02B69D9E8}.Release|x86.ActiveCfg = Release|Any CPU
		{CC035CA9-A8CF-4068-8271-9FA02B69D9E8}.Release|x86.Build.0 = Release|Any CPU
		{CC035CA9-A8CF-4068-8271-9FA02B69D9E8}.Test|Any CPU.ActiveCfg = Release|Any CPU
		{CC035CA9-A8CF-4068-8271-9FA02B69D9E8}.Test|Any CPU.Build.0 = Release|Any CPU
		{CC035CA9-A8CF-4068-8271-9FA02B69D9E8}.Test|ARM.ActiveCfg = Release|Any CPU
		{CC035CA9-A8CF-4068-8271-9FA02B69D9E8}.Test|ARM.Build.0 = Release|Any CPU
		{CC035CA9-A8CF-4068-8271-9FA02B69D9E8}.Test|x64.ActiveCfg = Release|Any CPU
		{CC035CA9-A8CF-4068-8271-9FA02B69D9E8}.Test|x64.Build.0 = Release|Any CPU
		{CC035CA9-A8CF-4068-8271-9FA02B69D9E8}.Test|x86.ActiveCfg = Release|Any CPU
		{CC035CA9-A8CF-4068-8271-9FA02B69D9E8}.Test|x86.Build.0 = Release|Any CPU
		{361A90EB-3BBE-405A-826A-33C0D0ACABF7}.Debug|Any CPU.ActiveCfg = Debug|Any CPU
		{361A90EB-3BBE-405A-826A-33C0D0ACABF7}.Debug|Any CPU.Build.0 = Debug|Any CPU
		{361A90EB-3BBE-405A-826A-33C0D0ACABF7}.Debug|ARM.ActiveCfg = Debug|Any CPU
		{361A90EB-3BBE-405A-826A-33C0D0ACABF7}.Debug|ARM.Build.0 = Debug|Any CPU
		{361A90EB-3BBE-405A-826A-33C0D0ACABF7}.Debug|x64.ActiveCfg = Debug|Any CPU
		{361A90EB-3BBE-405A-826A-33C0D0ACABF7}.Debug|x64.Build.0 = Debug|Any CPU
		{361A90EB-3BBE-405A-826A-33C0D0ACABF7}.Debug|x86.ActiveCfg = Debug|Any CPU
		{361A90EB-3BBE-405A-826A-33C0D0ACABF7}.Debug|x86.Build.0 = Debug|Any CPU
		{361A90EB-3BBE-405A-826A-33C0D0ACABF7}.Release|Any CPU.ActiveCfg = Release|Any CPU
		{361A90EB-3BBE-405A-826A-33C0D0ACABF7}.Release|Any CPU.Build.0 = Release|Any CPU
		{361A90EB-3BBE-405A-826A-33C0D0ACABF7}.Release|ARM.ActiveCfg = Release|Any CPU
		{361A90EB-3BBE-405A-826A-33C0D0ACABF7}.Release|ARM.Build.0 = Release|Any CPU
		{361A90EB-3BBE-405A-826A-33C0D0ACABF7}.Release|x64.ActiveCfg = Release|Any CPU
		{361A90EB-3BBE-405A-826A-33C0D0ACABF7}.Release|x64.Build.0 = Release|Any CPU
		{361A90EB-3BBE-405A-826A-33C0D0ACABF7}.Release|x86.ActiveCfg = Release|Any CPU
		{361A90EB-3BBE-405A-826A-33C0D0ACABF7}.Release|x86.Build.0 = Release|Any CPU
		{361A90EB-3BBE-405A-826A-33C0D0ACABF7}.Test|Any CPU.ActiveCfg = Release|Any CPU
		{361A90EB-3BBE-405A-826A-33C0D0ACABF7}.Test|Any CPU.Build.0 = Release|Any CPU
		{361A90EB-3BBE-405A-826A-33C0D0ACABF7}.Test|ARM.ActiveCfg = Release|Any CPU
		{361A90EB-3BBE-405A-826A-33C0D0ACABF7}.Test|ARM.Build.0 = Release|Any CPU
		{361A90EB-3BBE-405A-826A-33C0D0ACABF7}.Test|x64.ActiveCfg = Release|Any CPU
		{361A90EB-3BBE-405A-826A-33C0D0ACABF7}.Test|x64.Build.0 = Release|Any CPU
		{361A90EB-3BBE-405A-826A-33C0D0ACABF7}.Test|x86.ActiveCfg = Release|Any CPU
		{361A90EB-3BBE-405A-826A-33C0D0ACABF7}.Test|x86.Build.0 = Release|Any CPU
		{D8A97225-4720-41FF-8235-BAE0BF16CC4D}.Debug|Any CPU.ActiveCfg = Debug|Any CPU
		{D8A97225-4720-41FF-8235-BAE0BF16CC4D}.Debug|Any CPU.Build.0 = Debug|Any CPU
		{D8A97225-4720-41FF-8235-BAE0BF16CC4D}.Debug|ARM.ActiveCfg = Debug|Any CPU
		{D8A97225-4720-41FF-8235-BAE0BF16CC4D}.Debug|ARM.Build.0 = Debug|Any CPU
		{D8A97225-4720-41FF-8235-BAE0BF16CC4D}.Debug|x64.ActiveCfg = Debug|Any CPU
		{D8A97225-4720-41FF-8235-BAE0BF16CC4D}.Debug|x64.Build.0 = Debug|Any CPU
		{D8A97225-4720-41FF-8235-BAE0BF16CC4D}.Debug|x86.ActiveCfg = Debug|Any CPU
		{D8A97225-4720-41FF-8235-BAE0BF16CC4D}.Debug|x86.Build.0 = Debug|Any CPU
		{D8A97225-4720-41FF-8235-BAE0BF16CC4D}.Release|Any CPU.ActiveCfg = Release|Any CPU
		{D8A97225-4720-41FF-8235-BAE0BF16CC4D}.Release|Any CPU.Build.0 = Release|Any CPU
		{D8A97225-4720-41FF-8235-BAE0BF16CC4D}.Release|ARM.ActiveCfg = Release|Any CPU
		{D8A97225-4720-41FF-8235-BAE0BF16CC4D}.Release|ARM.Build.0 = Release|Any CPU
		{D8A97225-4720-41FF-8235-BAE0BF16CC4D}.Release|x64.ActiveCfg = Release|Any CPU
		{D8A97225-4720-41FF-8235-BAE0BF16CC4D}.Release|x64.Build.0 = Release|Any CPU
		{D8A97225-4720-41FF-8235-BAE0BF16CC4D}.Release|x86.ActiveCfg = Release|Any CPU
		{D8A97225-4720-41FF-8235-BAE0BF16CC4D}.Release|x86.Build.0 = Release|Any CPU
		{D8A97225-4720-41FF-8235-BAE0BF16CC4D}.Test|Any CPU.ActiveCfg = Release|Any CPU
		{D8A97225-4720-41FF-8235-BAE0BF16CC4D}.Test|Any CPU.Build.0 = Release|Any CPU
		{D8A97225-4720-41FF-8235-BAE0BF16CC4D}.Test|ARM.ActiveCfg = Release|Any CPU
		{D8A97225-4720-41FF-8235-BAE0BF16CC4D}.Test|ARM.Build.0 = Release|Any CPU
		{D8A97225-4720-41FF-8235-BAE0BF16CC4D}.Test|x64.ActiveCfg = Release|Any CPU
		{D8A97225-4720-41FF-8235-BAE0BF16CC4D}.Test|x64.Build.0 = Release|Any CPU
		{D8A97225-4720-41FF-8235-BAE0BF16CC4D}.Test|x86.ActiveCfg = Release|Any CPU
		{D8A97225-4720-41FF-8235-BAE0BF16CC4D}.Test|x86.Build.0 = Release|Any CPU
		{11AEADBD-464F-4D5C-BAD7-60AC4D1D3A0D}.Debug|Any CPU.ActiveCfg = Debug|Any CPU
		{11AEADBD-464F-4D5C-BAD7-60AC4D1D3A0D}.Debug|Any CPU.Build.0 = Debug|Any CPU
		{11AEADBD-464F-4D5C-BAD7-60AC4D1D3A0D}.Debug|ARM.ActiveCfg = Debug|Any CPU
		{11AEADBD-464F-4D5C-BAD7-60AC4D1D3A0D}.Debug|ARM.Build.0 = Debug|Any CPU
		{11AEADBD-464F-4D5C-BAD7-60AC4D1D3A0D}.Debug|x64.ActiveCfg = Debug|Any CPU
		{11AEADBD-464F-4D5C-BAD7-60AC4D1D3A0D}.Debug|x64.Build.0 = Debug|Any CPU
		{11AEADBD-464F-4D5C-BAD7-60AC4D1D3A0D}.Debug|x86.ActiveCfg = Debug|Any CPU
		{11AEADBD-464F-4D5C-BAD7-60AC4D1D3A0D}.Debug|x86.Build.0 = Debug|Any CPU
		{11AEADBD-464F-4D5C-BAD7-60AC4D1D3A0D}.Release|Any CPU.ActiveCfg = Release|Any CPU
		{11AEADBD-464F-4D5C-BAD7-60AC4D1D3A0D}.Release|Any CPU.Build.0 = Release|Any CPU
		{11AEADBD-464F-4D5C-BAD7-60AC4D1D3A0D}.Release|ARM.ActiveCfg = Release|Any CPU
		{11AEADBD-464F-4D5C-BAD7-60AC4D1D3A0D}.Release|ARM.Build.0 = Release|Any CPU
		{11AEADBD-464F-4D5C-BAD7-60AC4D1D3A0D}.Release|x64.ActiveCfg = Release|Any CPU
		{11AEADBD-464F-4D5C-BAD7-60AC4D1D3A0D}.Release|x64.Build.0 = Release|Any CPU
		{11AEADBD-464F-4D5C-BAD7-60AC4D1D3A0D}.Release|x86.ActiveCfg = Release|Any CPU
		{11AEADBD-464F-4D5C-BAD7-60AC4D1D3A0D}.Release|x86.Build.0 = Release|Any CPU
		{11AEADBD-464F-4D5C-BAD7-60AC4D1D3A0D}.Test|Any CPU.ActiveCfg = Release|Any CPU
		{11AEADBD-464F-4D5C-BAD7-60AC4D1D3A0D}.Test|Any CPU.Build.0 = Release|Any CPU
		{11AEADBD-464F-4D5C-BAD7-60AC4D1D3A0D}.Test|ARM.ActiveCfg = Release|Any CPU
		{11AEADBD-464F-4D5C-BAD7-60AC4D1D3A0D}.Test|ARM.Build.0 = Release|Any CPU
		{11AEADBD-464F-4D5C-BAD7-60AC4D1D3A0D}.Test|x64.ActiveCfg = Release|Any CPU
		{11AEADBD-464F-4D5C-BAD7-60AC4D1D3A0D}.Test|x64.Build.0 = Release|Any CPU
		{11AEADBD-464F-4D5C-BAD7-60AC4D1D3A0D}.Test|x86.ActiveCfg = Release|Any CPU
		{11AEADBD-464F-4D5C-BAD7-60AC4D1D3A0D}.Test|x86.Build.0 = Release|Any CPU
		{3AC43B71-B5A6-4331-8517-153812ABAA9A}.Debug|Any CPU.ActiveCfg = Debug|Any CPU
		{3AC43B71-B5A6-4331-8517-153812ABAA9A}.Debug|Any CPU.Build.0 = Debug|Any CPU
		{3AC43B71-B5A6-4331-8517-153812ABAA9A}.Debug|ARM.ActiveCfg = Debug|Any CPU
		{3AC43B71-B5A6-4331-8517-153812ABAA9A}.Debug|ARM.Build.0 = Debug|Any CPU
		{3AC43B71-B5A6-4331-8517-153812ABAA9A}.Debug|x64.ActiveCfg = Debug|Any CPU
		{3AC43B71-B5A6-4331-8517-153812ABAA9A}.Debug|x64.Build.0 = Debug|Any CPU
		{3AC43B71-B5A6-4331-8517-153812ABAA9A}.Debug|x86.ActiveCfg = Debug|Any CPU
		{3AC43B71-B5A6-4331-8517-153812ABAA9A}.Debug|x86.Build.0 = Debug|Any CPU
		{3AC43B71-B5A6-4331-8517-153812ABAA9A}.Release|Any CPU.ActiveCfg = Release|Any CPU
		{3AC43B71-B5A6-4331-8517-153812ABAA9A}.Release|Any CPU.Build.0 = Release|Any CPU
		{3AC43B71-B5A6-4331-8517-153812ABAA9A}.Release|ARM.ActiveCfg = Release|Any CPU
		{3AC43B71-B5A6-4331-8517-153812ABAA9A}.Release|ARM.Build.0 = Release|Any CPU
		{3AC43B71-B5A6-4331-8517-153812ABAA9A}.Release|x64.ActiveCfg = Release|Any CPU
		{3AC43B71-B5A6-4331-8517-153812ABAA9A}.Release|x64.Build.0 = Release|Any CPU
		{3AC43B71-B5A6-4331-8517-153812ABAA9A}.Release|x86.ActiveCfg = Release|Any CPU
		{3AC43B71-B5A6-4331-8517-153812ABAA9A}.Release|x86.Build.0 = Release|Any CPU
		{3AC43B71-B5A6-4331-8517-153812ABAA9A}.Test|Any CPU.ActiveCfg = Release|Any CPU
		{3AC43B71-B5A6-4331-8517-153812ABAA9A}.Test|Any CPU.Build.0 = Release|Any CPU
		{3AC43B71-B5A6-4331-8517-153812ABAA9A}.Test|ARM.ActiveCfg = Release|Any CPU
		{3AC43B71-B5A6-4331-8517-153812ABAA9A}.Test|ARM.Build.0 = Release|Any CPU
		{3AC43B71-B5A6-4331-8517-153812ABAA9A}.Test|x64.ActiveCfg = Release|Any CPU
		{3AC43B71-B5A6-4331-8517-153812ABAA9A}.Test|x64.Build.0 = Release|Any CPU
		{3AC43B71-B5A6-4331-8517-153812ABAA9A}.Test|x86.ActiveCfg = Release|Any CPU
		{3AC43B71-B5A6-4331-8517-153812ABAA9A}.Test|x86.Build.0 = Release|Any CPU
		{E607D04D-3B11-409B-B832-E95BB4E9A84E}.Debug|Any CPU.ActiveCfg = Debug|Any CPU
		{E607D04D-3B11-409B-B832-E95BB4E9A84E}.Debug|Any CPU.Build.0 = Debug|Any CPU
		{E607D04D-3B11-409B-B832-E95BB4E9A84E}.Debug|ARM.ActiveCfg = Debug|Any CPU
		{E607D04D-3B11-409B-B832-E95BB4E9A84E}.Debug|ARM.Build.0 = Debug|Any CPU
		{E607D04D-3B11-409B-B832-E95BB4E9A84E}.Debug|x64.ActiveCfg = Debug|Any CPU
		{E607D04D-3B11-409B-B832-E95BB4E9A84E}.Debug|x64.Build.0 = Debug|Any CPU
		{E607D04D-3B11-409B-B832-E95BB4E9A84E}.Debug|x86.ActiveCfg = Debug|Any CPU
		{E607D04D-3B11-409B-B832-E95BB4E9A84E}.Debug|x86.Build.0 = Debug|Any CPU
		{E607D04D-3B11-409B-B832-E95BB4E9A84E}.Release|Any CPU.ActiveCfg = Release|Any CPU
		{E607D04D-3B11-409B-B832-E95BB4E9A84E}.Release|Any CPU.Build.0 = Release|Any CPU
		{E607D04D-3B11-409B-B832-E95BB4E9A84E}.Release|ARM.ActiveCfg = Release|Any CPU
		{E607D04D-3B11-409B-B832-E95BB4E9A84E}.Release|ARM.Build.0 = Release|Any CPU
		{E607D04D-3B11-409B-B832-E95BB4E9A84E}.Release|x64.ActiveCfg = Release|Any CPU
		{E607D04D-3B11-409B-B832-E95BB4E9A84E}.Release|x64.Build.0 = Release|Any CPU
		{E607D04D-3B11-409B-B832-E95BB4E9A84E}.Release|x86.ActiveCfg = Release|Any CPU
		{E607D04D-3B11-409B-B832-E95BB4E9A84E}.Release|x86.Build.0 = Release|Any CPU
		{E607D04D-3B11-409B-B832-E95BB4E9A84E}.Test|Any CPU.ActiveCfg = Release|Any CPU
		{E607D04D-3B11-409B-B832-E95BB4E9A84E}.Test|Any CPU.Build.0 = Release|Any CPU
		{E607D04D-3B11-409B-B832-E95BB4E9A84E}.Test|ARM.ActiveCfg = Release|Any CPU
		{E607D04D-3B11-409B-B832-E95BB4E9A84E}.Test|ARM.Build.0 = Release|Any CPU
		{E607D04D-3B11-409B-B832-E95BB4E9A84E}.Test|x64.ActiveCfg = Release|Any CPU
		{E607D04D-3B11-409B-B832-E95BB4E9A84E}.Test|x64.Build.0 = Release|Any CPU
		{E607D04D-3B11-409B-B832-E95BB4E9A84E}.Test|x86.ActiveCfg = Release|Any CPU
		{E607D04D-3B11-409B-B832-E95BB4E9A84E}.Test|x86.Build.0 = Release|Any CPU
		{3853B062-24B6-44FF-B088-CD80FDDFAC37}.Debug|Any CPU.ActiveCfg = Debug|Any CPU
		{3853B062-24B6-44FF-B088-CD80FDDFAC37}.Debug|Any CPU.Build.0 = Debug|Any CPU
		{3853B062-24B6-44FF-B088-CD80FDDFAC37}.Debug|ARM.ActiveCfg = Debug|Any CPU
		{3853B062-24B6-44FF-B088-CD80FDDFAC37}.Debug|ARM.Build.0 = Debug|Any CPU
		{3853B062-24B6-44FF-B088-CD80FDDFAC37}.Debug|x64.ActiveCfg = Debug|Any CPU
		{3853B062-24B6-44FF-B088-CD80FDDFAC37}.Debug|x64.Build.0 = Debug|Any CPU
		{3853B062-24B6-44FF-B088-CD80FDDFAC37}.Debug|x86.ActiveCfg = Debug|Any CPU
		{3853B062-24B6-44FF-B088-CD80FDDFAC37}.Debug|x86.Build.0 = Debug|Any CPU
		{3853B062-24B6-44FF-B088-CD80FDDFAC37}.Release|Any CPU.ActiveCfg = Release|Any CPU
		{3853B062-24B6-44FF-B088-CD80FDDFAC37}.Release|Any CPU.Build.0 = Release|Any CPU
		{3853B062-24B6-44FF-B088-CD80FDDFAC37}.Release|ARM.ActiveCfg = Release|Any CPU
		{3853B062-24B6-44FF-B088-CD80FDDFAC37}.Release|ARM.Build.0 = Release|Any CPU
		{3853B062-24B6-44FF-B088-CD80FDDFAC37}.Release|x64.ActiveCfg = Release|Any CPU
		{3853B062-24B6-44FF-B088-CD80FDDFAC37}.Release|x64.Build.0 = Release|Any CPU
		{3853B062-24B6-44FF-B088-CD80FDDFAC37}.Release|x86.ActiveCfg = Release|Any CPU
		{3853B062-24B6-44FF-B088-CD80FDDFAC37}.Release|x86.Build.0 = Release|Any CPU
		{3853B062-24B6-44FF-B088-CD80FDDFAC37}.Test|Any CPU.ActiveCfg = Release|Any CPU
		{3853B062-24B6-44FF-B088-CD80FDDFAC37}.Test|Any CPU.Build.0 = Release|Any CPU
		{3853B062-24B6-44FF-B088-CD80FDDFAC37}.Test|ARM.ActiveCfg = Release|Any CPU
		{3853B062-24B6-44FF-B088-CD80FDDFAC37}.Test|ARM.Build.0 = Release|Any CPU
		{3853B062-24B6-44FF-B088-CD80FDDFAC37}.Test|x64.ActiveCfg = Release|Any CPU
		{3853B062-24B6-44FF-B088-CD80FDDFAC37}.Test|x64.Build.0 = Release|Any CPU
		{3853B062-24B6-44FF-B088-CD80FDDFAC37}.Test|x86.ActiveCfg = Release|Any CPU
		{3853B062-24B6-44FF-B088-CD80FDDFAC37}.Test|x86.Build.0 = Release|Any CPU
		{8E003825-40AF-44FC-B3A2-EDF867B0C050}.Debug|Any CPU.ActiveCfg = Debug|Any CPU
		{8E003825-40AF-44FC-B3A2-EDF867B0C050}.Debug|Any CPU.Build.0 = Debug|Any CPU
		{8E003825-40AF-44FC-B3A2-EDF867B0C050}.Debug|ARM.ActiveCfg = Debug|Any CPU
		{8E003825-40AF-44FC-B3A2-EDF867B0C050}.Debug|ARM.Build.0 = Debug|Any CPU
		{8E003825-40AF-44FC-B3A2-EDF867B0C050}.Debug|x64.ActiveCfg = Debug|Any CPU
		{8E003825-40AF-44FC-B3A2-EDF867B0C050}.Debug|x64.Build.0 = Debug|Any CPU
		{8E003825-40AF-44FC-B3A2-EDF867B0C050}.Debug|x86.ActiveCfg = Debug|Any CPU
		{8E003825-40AF-44FC-B3A2-EDF867B0C050}.Debug|x86.Build.0 = Debug|Any CPU
		{8E003825-40AF-44FC-B3A2-EDF867B0C050}.Release|Any CPU.ActiveCfg = Release|Any CPU
		{8E003825-40AF-44FC-B3A2-EDF867B0C050}.Release|Any CPU.Build.0 = Release|Any CPU
		{8E003825-40AF-44FC-B3A2-EDF867B0C050}.Release|ARM.ActiveCfg = Release|Any CPU
		{8E003825-40AF-44FC-B3A2-EDF867B0C050}.Release|ARM.Build.0 = Release|Any CPU
		{8E003825-40AF-44FC-B3A2-EDF867B0C050}.Release|x64.ActiveCfg = Release|Any CPU
		{8E003825-40AF-44FC-B3A2-EDF867B0C050}.Release|x64.Build.0 = Release|Any CPU
		{8E003825-40AF-44FC-B3A2-EDF867B0C050}.Release|x86.ActiveCfg = Release|Any CPU
		{8E003825-40AF-44FC-B3A2-EDF867B0C050}.Release|x86.Build.0 = Release|Any CPU
		{8E003825-40AF-44FC-B3A2-EDF867B0C050}.Test|Any CPU.ActiveCfg = Release|Any CPU
		{8E003825-40AF-44FC-B3A2-EDF867B0C050}.Test|Any CPU.Build.0 = Release|Any CPU
		{8E003825-40AF-44FC-B3A2-EDF867B0C050}.Test|ARM.ActiveCfg = Release|Any CPU
		{8E003825-40AF-44FC-B3A2-EDF867B0C050}.Test|ARM.Build.0 = Release|Any CPU
		{8E003825-40AF-44FC-B3A2-EDF867B0C050}.Test|x64.ActiveCfg = Release|Any CPU
		{8E003825-40AF-44FC-B3A2-EDF867B0C050}.Test|x64.Build.0 = Release|Any CPU
		{8E003825-40AF-44FC-B3A2-EDF867B0C050}.Test|x86.ActiveCfg = Release|Any CPU
		{8E003825-40AF-44FC-B3A2-EDF867B0C050}.Test|x86.Build.0 = Release|Any CPU
		{E1A479A5-4213-4BCB-A558-D5AB0103E815}.Debug|Any CPU.ActiveCfg = Debug|Any CPU
		{E1A479A5-4213-4BCB-A558-D5AB0103E815}.Debug|Any CPU.Build.0 = Debug|Any CPU
		{E1A479A5-4213-4BCB-A558-D5AB0103E815}.Debug|ARM.ActiveCfg = Debug|Any CPU
		{E1A479A5-4213-4BCB-A558-D5AB0103E815}.Debug|ARM.Build.0 = Debug|Any CPU
		{E1A479A5-4213-4BCB-A558-D5AB0103E815}.Debug|x64.ActiveCfg = Debug|Any CPU
		{E1A479A5-4213-4BCB-A558-D5AB0103E815}.Debug|x64.Build.0 = Debug|Any CPU
		{E1A479A5-4213-4BCB-A558-D5AB0103E815}.Debug|x86.ActiveCfg = Debug|Any CPU
		{E1A479A5-4213-4BCB-A558-D5AB0103E815}.Debug|x86.Build.0 = Debug|Any CPU
		{E1A479A5-4213-4BCB-A558-D5AB0103E815}.Release|Any CPU.ActiveCfg = Release|Any CPU
		{E1A479A5-4213-4BCB-A558-D5AB0103E815}.Release|Any CPU.Build.0 = Release|Any CPU
		{E1A479A5-4213-4BCB-A558-D5AB0103E815}.Release|ARM.ActiveCfg = Release|Any CPU
		{E1A479A5-4213-4BCB-A558-D5AB0103E815}.Release|ARM.Build.0 = Release|Any CPU
		{E1A479A5-4213-4BCB-A558-D5AB0103E815}.Release|x64.ActiveCfg = Release|Any CPU
		{E1A479A5-4213-4BCB-A558-D5AB0103E815}.Release|x64.Build.0 = Release|Any CPU
		{E1A479A5-4213-4BCB-A558-D5AB0103E815}.Release|x86.ActiveCfg = Release|Any CPU
		{E1A479A5-4213-4BCB-A558-D5AB0103E815}.Release|x86.Build.0 = Release|Any CPU
		{E1A479A5-4213-4BCB-A558-D5AB0103E815}.Test|Any CPU.ActiveCfg = Release|Any CPU
		{E1A479A5-4213-4BCB-A558-D5AB0103E815}.Test|Any CPU.Build.0 = Release|Any CPU
		{E1A479A5-4213-4BCB-A558-D5AB0103E815}.Test|ARM.ActiveCfg = Release|Any CPU
		{E1A479A5-4213-4BCB-A558-D5AB0103E815}.Test|ARM.Build.0 = Release|Any CPU
		{E1A479A5-4213-4BCB-A558-D5AB0103E815}.Test|x64.ActiveCfg = Release|Any CPU
		{E1A479A5-4213-4BCB-A558-D5AB0103E815}.Test|x64.Build.0 = Release|Any CPU
		{E1A479A5-4213-4BCB-A558-D5AB0103E815}.Test|x86.ActiveCfg = Release|Any CPU
		{E1A479A5-4213-4BCB-A558-D5AB0103E815}.Test|x86.Build.0 = Release|Any CPU
		{A81B17DE-871F-40E1-8A4F-0F798A0A9DAF}.Debug|Any CPU.ActiveCfg = Debug|Any CPU
		{A81B17DE-871F-40E1-8A4F-0F798A0A9DAF}.Debug|Any CPU.Build.0 = Debug|Any CPU
		{A81B17DE-871F-40E1-8A4F-0F798A0A9DAF}.Debug|ARM.ActiveCfg = Debug|Any CPU
		{A81B17DE-871F-40E1-8A4F-0F798A0A9DAF}.Debug|ARM.Build.0 = Debug|Any CPU
		{A81B17DE-871F-40E1-8A4F-0F798A0A9DAF}.Debug|x64.ActiveCfg = Debug|Any CPU
		{A81B17DE-871F-40E1-8A4F-0F798A0A9DAF}.Debug|x64.Build.0 = Debug|Any CPU
		{A81B17DE-871F-40E1-8A4F-0F798A0A9DAF}.Debug|x86.ActiveCfg = Debug|Any CPU
		{A81B17DE-871F-40E1-8A4F-0F798A0A9DAF}.Debug|x86.Build.0 = Debug|Any CPU
		{A81B17DE-871F-40E1-8A4F-0F798A0A9DAF}.Release|Any CPU.ActiveCfg = Release|Any CPU
		{A81B17DE-871F-40E1-8A4F-0F798A0A9DAF}.Release|Any CPU.Build.0 = Release|Any CPU
		{A81B17DE-871F-40E1-8A4F-0F798A0A9DAF}.Release|ARM.ActiveCfg = Release|Any CPU
		{A81B17DE-871F-40E1-8A4F-0F798A0A9DAF}.Release|ARM.Build.0 = Release|Any CPU
		{A81B17DE-871F-40E1-8A4F-0F798A0A9DAF}.Release|x64.ActiveCfg = Release|Any CPU
		{A81B17DE-871F-40E1-8A4F-0F798A0A9DAF}.Release|x64.Build.0 = Release|Any CPU
		{A81B17DE-871F-40E1-8A4F-0F798A0A9DAF}.Release|x86.ActiveCfg = Release|Any CPU
		{A81B17DE-871F-40E1-8A4F-0F798A0A9DAF}.Release|x86.Build.0 = Release|Any CPU
		{A81B17DE-871F-40E1-8A4F-0F798A0A9DAF}.Test|Any CPU.ActiveCfg = Release|Any CPU
		{A81B17DE-871F-40E1-8A4F-0F798A0A9DAF}.Test|Any CPU.Build.0 = Release|Any CPU
		{A81B17DE-871F-40E1-8A4F-0F798A0A9DAF}.Test|ARM.ActiveCfg = Release|Any CPU
		{A81B17DE-871F-40E1-8A4F-0F798A0A9DAF}.Test|ARM.Build.0 = Release|Any CPU
		{A81B17DE-871F-40E1-8A4F-0F798A0A9DAF}.Test|x64.ActiveCfg = Release|Any CPU
		{A81B17DE-871F-40E1-8A4F-0F798A0A9DAF}.Test|x64.Build.0 = Release|Any CPU
		{A81B17DE-871F-40E1-8A4F-0F798A0A9DAF}.Test|x86.ActiveCfg = Release|Any CPU
		{A81B17DE-871F-40E1-8A4F-0F798A0A9DAF}.Test|x86.Build.0 = Release|Any CPU
		{7497CD75-F4DB-44D2-A652-A8497611EB2E}.Debug|Any CPU.ActiveCfg = Debug|Any CPU
		{7497CD75-F4DB-44D2-A652-A8497611EB2E}.Debug|Any CPU.Build.0 = Debug|Any CPU
		{7497CD75-F4DB-44D2-A652-A8497611EB2E}.Debug|ARM.ActiveCfg = Debug|Any CPU
		{7497CD75-F4DB-44D2-A652-A8497611EB2E}.Debug|ARM.Build.0 = Debug|Any CPU
		{7497CD75-F4DB-44D2-A652-A8497611EB2E}.Debug|x64.ActiveCfg = Debug|Any CPU
		{7497CD75-F4DB-44D2-A652-A8497611EB2E}.Debug|x64.Build.0 = Debug|Any CPU
		{7497CD75-F4DB-44D2-A652-A8497611EB2E}.Debug|x86.ActiveCfg = Debug|Any CPU
		{7497CD75-F4DB-44D2-A652-A8497611EB2E}.Debug|x86.Build.0 = Debug|Any CPU
		{7497CD75-F4DB-44D2-A652-A8497611EB2E}.Release|Any CPU.ActiveCfg = Release|Any CPU
		{7497CD75-F4DB-44D2-A652-A8497611EB2E}.Release|Any CPU.Build.0 = Release|Any CPU
		{7497CD75-F4DB-44D2-A652-A8497611EB2E}.Release|ARM.ActiveCfg = Release|Any CPU
		{7497CD75-F4DB-44D2-A652-A8497611EB2E}.Release|ARM.Build.0 = Release|Any CPU
		{7497CD75-F4DB-44D2-A652-A8497611EB2E}.Release|x64.ActiveCfg = Release|Any CPU
		{7497CD75-F4DB-44D2-A652-A8497611EB2E}.Release|x64.Build.0 = Release|Any CPU
		{7497CD75-F4DB-44D2-A652-A8497611EB2E}.Release|x86.ActiveCfg = Release|Any CPU
		{7497CD75-F4DB-44D2-A652-A8497611EB2E}.Release|x86.Build.0 = Release|Any CPU
		{7497CD75-F4DB-44D2-A652-A8497611EB2E}.Test|Any CPU.ActiveCfg = Release|Any CPU
		{7497CD75-F4DB-44D2-A652-A8497611EB2E}.Test|Any CPU.Build.0 = Release|Any CPU
		{7497CD75-F4DB-44D2-A652-A8497611EB2E}.Test|ARM.ActiveCfg = Release|Any CPU
		{7497CD75-F4DB-44D2-A652-A8497611EB2E}.Test|ARM.Build.0 = Release|Any CPU
		{7497CD75-F4DB-44D2-A652-A8497611EB2E}.Test|x64.ActiveCfg = Release|Any CPU
		{7497CD75-F4DB-44D2-A652-A8497611EB2E}.Test|x64.Build.0 = Release|Any CPU
		{7497CD75-F4DB-44D2-A652-A8497611EB2E}.Test|x86.ActiveCfg = Release|Any CPU
		{7497CD75-F4DB-44D2-A652-A8497611EB2E}.Test|x86.Build.0 = Release|Any CPU
		{C93C2005-B947-436D-9023-7194FE3A5615}.Debug|Any CPU.ActiveCfg = Debug|Any CPU
		{C93C2005-B947-436D-9023-7194FE3A5615}.Debug|Any CPU.Build.0 = Debug|Any CPU
		{C93C2005-B947-436D-9023-7194FE3A5615}.Debug|ARM.ActiveCfg = Debug|Any CPU
		{C93C2005-B947-436D-9023-7194FE3A5615}.Debug|ARM.Build.0 = Debug|Any CPU
		{C93C2005-B947-436D-9023-7194FE3A5615}.Debug|x64.ActiveCfg = Debug|Any CPU
		{C93C2005-B947-436D-9023-7194FE3A5615}.Debug|x64.Build.0 = Debug|Any CPU
		{C93C2005-B947-436D-9023-7194FE3A5615}.Debug|x86.ActiveCfg = Debug|Any CPU
		{C93C2005-B947-436D-9023-7194FE3A5615}.Debug|x86.Build.0 = Debug|Any CPU
		{C93C2005-B947-436D-9023-7194FE3A5615}.Release|Any CPU.ActiveCfg = Release|Any CPU
		{C93C2005-B947-436D-9023-7194FE3A5615}.Release|Any CPU.Build.0 = Release|Any CPU
		{C93C2005-B947-436D-9023-7194FE3A5615}.Release|ARM.ActiveCfg = Release|Any CPU
		{C93C2005-B947-436D-9023-7194FE3A5615}.Release|ARM.Build.0 = Release|Any CPU
		{C93C2005-B947-436D-9023-7194FE3A5615}.Release|x64.ActiveCfg = Release|Any CPU
		{C93C2005-B947-436D-9023-7194FE3A5615}.Release|x64.Build.0 = Release|Any CPU
		{C93C2005-B947-436D-9023-7194FE3A5615}.Release|x86.ActiveCfg = Release|Any CPU
		{C93C2005-B947-436D-9023-7194FE3A5615}.Release|x86.Build.0 = Release|Any CPU
		{C93C2005-B947-436D-9023-7194FE3A5615}.Test|Any CPU.ActiveCfg = Release|Any CPU
		{C93C2005-B947-436D-9023-7194FE3A5615}.Test|Any CPU.Build.0 = Release|Any CPU
		{C93C2005-B947-436D-9023-7194FE3A5615}.Test|ARM.ActiveCfg = Release|Any CPU
		{C93C2005-B947-436D-9023-7194FE3A5615}.Test|ARM.Build.0 = Release|Any CPU
		{C93C2005-B947-436D-9023-7194FE3A5615}.Test|x64.ActiveCfg = Release|Any CPU
		{C93C2005-B947-436D-9023-7194FE3A5615}.Test|x64.Build.0 = Release|Any CPU
		{C93C2005-B947-436D-9023-7194FE3A5615}.Test|x86.ActiveCfg = Release|Any CPU
		{C93C2005-B947-436D-9023-7194FE3A5615}.Test|x86.Build.0 = Release|Any CPU
		{392396D9-5825-42B5-9227-AF6F9A1AECB9}.Debug|Any CPU.ActiveCfg = Debug|Any CPU
		{392396D9-5825-42B5-9227-AF6F9A1AECB9}.Debug|Any CPU.Build.0 = Debug|Any CPU
		{392396D9-5825-42B5-9227-AF6F9A1AECB9}.Debug|ARM.ActiveCfg = Debug|Any CPU
		{392396D9-5825-42B5-9227-AF6F9A1AECB9}.Debug|ARM.Build.0 = Debug|Any CPU
		{392396D9-5825-42B5-9227-AF6F9A1AECB9}.Debug|x64.ActiveCfg = Debug|Any CPU
		{392396D9-5825-42B5-9227-AF6F9A1AECB9}.Debug|x64.Build.0 = Debug|Any CPU
		{392396D9-5825-42B5-9227-AF6F9A1AECB9}.Debug|x86.ActiveCfg = Debug|Any CPU
		{392396D9-5825-42B5-9227-AF6F9A1AECB9}.Debug|x86.Build.0 = Debug|Any CPU
		{392396D9-5825-42B5-9227-AF6F9A1AECB9}.Release|Any CPU.ActiveCfg = Release|Any CPU
		{392396D9-5825-42B5-9227-AF6F9A1AECB9}.Release|Any CPU.Build.0 = Release|Any CPU
		{392396D9-5825-42B5-9227-AF6F9A1AECB9}.Release|ARM.ActiveCfg = Release|Any CPU
		{392396D9-5825-42B5-9227-AF6F9A1AECB9}.Release|ARM.Build.0 = Release|Any CPU
		{392396D9-5825-42B5-9227-AF6F9A1AECB9}.Release|x64.ActiveCfg = Release|Any CPU
		{392396D9-5825-42B5-9227-AF6F9A1AECB9}.Release|x64.Build.0 = Release|Any CPU
		{392396D9-5825-42B5-9227-AF6F9A1AECB9}.Release|x86.ActiveCfg = Release|Any CPU
		{392396D9-5825-42B5-9227-AF6F9A1AECB9}.Release|x86.Build.0 = Release|Any CPU
		{392396D9-5825-42B5-9227-AF6F9A1AECB9}.Test|Any CPU.ActiveCfg = Release|Any CPU
		{392396D9-5825-42B5-9227-AF6F9A1AECB9}.Test|Any CPU.Build.0 = Release|Any CPU
		{392396D9-5825-42B5-9227-AF6F9A1AECB9}.Test|ARM.ActiveCfg = Release|Any CPU
		{392396D9-5825-42B5-9227-AF6F9A1AECB9}.Test|ARM.Build.0 = Release|Any CPU
		{392396D9-5825-42B5-9227-AF6F9A1AECB9}.Test|x64.ActiveCfg = Release|Any CPU
		{392396D9-5825-42B5-9227-AF6F9A1AECB9}.Test|x64.Build.0 = Release|Any CPU
		{392396D9-5825-42B5-9227-AF6F9A1AECB9}.Test|x86.ActiveCfg = Release|Any CPU
		{392396D9-5825-42B5-9227-AF6F9A1AECB9}.Test|x86.Build.0 = Release|Any CPU
		{91AE0E63-3C1E-4A60-A06D-4D1780650186}.Debug|Any CPU.ActiveCfg = Debug|Any CPU
		{91AE0E63-3C1E-4A60-A06D-4D1780650186}.Debug|Any CPU.Build.0 = Debug|Any CPU
		{91AE0E63-3C1E-4A60-A06D-4D1780650186}.Debug|ARM.ActiveCfg = Debug|Any CPU
		{91AE0E63-3C1E-4A60-A06D-4D1780650186}.Debug|ARM.Build.0 = Debug|Any CPU
		{91AE0E63-3C1E-4A60-A06D-4D1780650186}.Debug|x64.ActiveCfg = Debug|Any CPU
		{91AE0E63-3C1E-4A60-A06D-4D1780650186}.Debug|x64.Build.0 = Debug|Any CPU
		{91AE0E63-3C1E-4A60-A06D-4D1780650186}.Debug|x86.ActiveCfg = Debug|Any CPU
		{91AE0E63-3C1E-4A60-A06D-4D1780650186}.Debug|x86.Build.0 = Debug|Any CPU
		{91AE0E63-3C1E-4A60-A06D-4D1780650186}.Release|Any CPU.ActiveCfg = Release|Any CPU
		{91AE0E63-3C1E-4A60-A06D-4D1780650186}.Release|Any CPU.Build.0 = Release|Any CPU
		{91AE0E63-3C1E-4A60-A06D-4D1780650186}.Release|ARM.ActiveCfg = Release|Any CPU
		{91AE0E63-3C1E-4A60-A06D-4D1780650186}.Release|ARM.Build.0 = Release|Any CPU
		{91AE0E63-3C1E-4A60-A06D-4D1780650186}.Release|x64.ActiveCfg = Release|Any CPU
		{91AE0E63-3C1E-4A60-A06D-4D1780650186}.Release|x64.Build.0 = Release|Any CPU
		{91AE0E63-3C1E-4A60-A06D-4D1780650186}.Release|x86.ActiveCfg = Release|Any CPU
		{91AE0E63-3C1E-4A60-A06D-4D1780650186}.Release|x86.Build.0 = Release|Any CPU
		{91AE0E63-3C1E-4A60-A06D-4D1780650186}.Test|Any CPU.ActiveCfg = Release|Any CPU
		{91AE0E63-3C1E-4A60-A06D-4D1780650186}.Test|Any CPU.Build.0 = Release|Any CPU
		{91AE0E63-3C1E-4A60-A06D-4D1780650186}.Test|ARM.ActiveCfg = Release|Any CPU
		{91AE0E63-3C1E-4A60-A06D-4D1780650186}.Test|ARM.Build.0 = Release|Any CPU
		{91AE0E63-3C1E-4A60-A06D-4D1780650186}.Test|x64.ActiveCfg = Release|Any CPU
		{91AE0E63-3C1E-4A60-A06D-4D1780650186}.Test|x64.Build.0 = Release|Any CPU
		{91AE0E63-3C1E-4A60-A06D-4D1780650186}.Test|x86.ActiveCfg = Release|Any CPU
		{91AE0E63-3C1E-4A60-A06D-4D1780650186}.Test|x86.Build.0 = Release|Any CPU
		{783B681C-2C42-4C26-B8A3-5FE0583EE36D}.Debug|Any CPU.ActiveCfg = Debug|Any CPU
		{783B681C-2C42-4C26-B8A3-5FE0583EE36D}.Debug|Any CPU.Build.0 = Debug|Any CPU
		{783B681C-2C42-4C26-B8A3-5FE0583EE36D}.Debug|ARM.ActiveCfg = Debug|Any CPU
		{783B681C-2C42-4C26-B8A3-5FE0583EE36D}.Debug|ARM.Build.0 = Debug|Any CPU
		{783B681C-2C42-4C26-B8A3-5FE0583EE36D}.Debug|x64.ActiveCfg = Debug|Any CPU
		{783B681C-2C42-4C26-B8A3-5FE0583EE36D}.Debug|x64.Build.0 = Debug|Any CPU
		{783B681C-2C42-4C26-B8A3-5FE0583EE36D}.Debug|x86.ActiveCfg = Debug|Any CPU
		{783B681C-2C42-4C26-B8A3-5FE0583EE36D}.Debug|x86.Build.0 = Debug|Any CPU
		{783B681C-2C42-4C26-B8A3-5FE0583EE36D}.Release|Any CPU.ActiveCfg = Release|Any CPU
		{783B681C-2C42-4C26-B8A3-5FE0583EE36D}.Release|Any CPU.Build.0 = Release|Any CPU
		{783B681C-2C42-4C26-B8A3-5FE0583EE36D}.Release|ARM.ActiveCfg = Release|Any CPU
		{783B681C-2C42-4C26-B8A3-5FE0583EE36D}.Release|ARM.Build.0 = Release|Any CPU
		{783B681C-2C42-4C26-B8A3-5FE0583EE36D}.Release|x64.ActiveCfg = Release|Any CPU
		{783B681C-2C42-4C26-B8A3-5FE0583EE36D}.Release|x64.Build.0 = Release|Any CPU
		{783B681C-2C42-4C26-B8A3-5FE0583EE36D}.Release|x86.ActiveCfg = Release|Any CPU
		{783B681C-2C42-4C26-B8A3-5FE0583EE36D}.Release|x86.Build.0 = Release|Any CPU
		{783B681C-2C42-4C26-B8A3-5FE0583EE36D}.Test|Any CPU.ActiveCfg = Release|Any CPU
		{783B681C-2C42-4C26-B8A3-5FE0583EE36D}.Test|Any CPU.Build.0 = Release|Any CPU
		{783B681C-2C42-4C26-B8A3-5FE0583EE36D}.Test|ARM.ActiveCfg = Release|Any CPU
		{783B681C-2C42-4C26-B8A3-5FE0583EE36D}.Test|ARM.Build.0 = Release|Any CPU
		{783B681C-2C42-4C26-B8A3-5FE0583EE36D}.Test|x64.ActiveCfg = Release|Any CPU
		{783B681C-2C42-4C26-B8A3-5FE0583EE36D}.Test|x64.Build.0 = Release|Any CPU
		{783B681C-2C42-4C26-B8A3-5FE0583EE36D}.Test|x86.ActiveCfg = Release|Any CPU
		{783B681C-2C42-4C26-B8A3-5FE0583EE36D}.Test|x86.Build.0 = Release|Any CPU
		{EDF81D1B-A2E5-4672-ACE3-6A65A8AB1C64}.Debug|Any CPU.ActiveCfg = Debug|Any CPU
		{EDF81D1B-A2E5-4672-ACE3-6A65A8AB1C64}.Debug|Any CPU.Build.0 = Debug|Any CPU
		{EDF81D1B-A2E5-4672-ACE3-6A65A8AB1C64}.Debug|ARM.ActiveCfg = Debug|Any CPU
		{EDF81D1B-A2E5-4672-ACE3-6A65A8AB1C64}.Debug|ARM.Build.0 = Debug|Any CPU
		{EDF81D1B-A2E5-4672-ACE3-6A65A8AB1C64}.Debug|x64.ActiveCfg = Debug|Any CPU
		{EDF81D1B-A2E5-4672-ACE3-6A65A8AB1C64}.Debug|x64.Build.0 = Debug|Any CPU
		{EDF81D1B-A2E5-4672-ACE3-6A65A8AB1C64}.Debug|x86.ActiveCfg = Debug|Any CPU
		{EDF81D1B-A2E5-4672-ACE3-6A65A8AB1C64}.Debug|x86.Build.0 = Debug|Any CPU
		{EDF81D1B-A2E5-4672-ACE3-6A65A8AB1C64}.Release|Any CPU.ActiveCfg = Release|Any CPU
		{EDF81D1B-A2E5-4672-ACE3-6A65A8AB1C64}.Release|Any CPU.Build.0 = Release|Any CPU
		{EDF81D1B-A2E5-4672-ACE3-6A65A8AB1C64}.Release|ARM.ActiveCfg = Release|Any CPU
		{EDF81D1B-A2E5-4672-ACE3-6A65A8AB1C64}.Release|ARM.Build.0 = Release|Any CPU
		{EDF81D1B-A2E5-4672-ACE3-6A65A8AB1C64}.Release|x64.ActiveCfg = Release|Any CPU
		{EDF81D1B-A2E5-4672-ACE3-6A65A8AB1C64}.Release|x64.Build.0 = Release|Any CPU
		{EDF81D1B-A2E5-4672-ACE3-6A65A8AB1C64}.Release|x86.ActiveCfg = Release|Any CPU
		{EDF81D1B-A2E5-4672-ACE3-6A65A8AB1C64}.Release|x86.Build.0 = Release|Any CPU
		{EDF81D1B-A2E5-4672-ACE3-6A65A8AB1C64}.Test|Any CPU.ActiveCfg = Release|Any CPU
		{EDF81D1B-A2E5-4672-ACE3-6A65A8AB1C64}.Test|Any CPU.Build.0 = Release|Any CPU
		{EDF81D1B-A2E5-4672-ACE3-6A65A8AB1C64}.Test|ARM.ActiveCfg = Release|Any CPU
		{EDF81D1B-A2E5-4672-ACE3-6A65A8AB1C64}.Test|ARM.Build.0 = Release|Any CPU
		{EDF81D1B-A2E5-4672-ACE3-6A65A8AB1C64}.Test|x64.ActiveCfg = Release|Any CPU
		{EDF81D1B-A2E5-4672-ACE3-6A65A8AB1C64}.Test|x64.Build.0 = Release|Any CPU
		{EDF81D1B-A2E5-4672-ACE3-6A65A8AB1C64}.Test|x86.ActiveCfg = Release|Any CPU
		{EDF81D1B-A2E5-4672-ACE3-6A65A8AB1C64}.Test|x86.Build.0 = Release|Any CPU
		{A2218177-FCB5-4AB9-B7B7-C21B0BD003ED}.Debug|Any CPU.ActiveCfg = Debug|Any CPU
		{A2218177-FCB5-4AB9-B7B7-C21B0BD003ED}.Debug|Any CPU.Build.0 = Debug|Any CPU
		{A2218177-FCB5-4AB9-B7B7-C21B0BD003ED}.Debug|ARM.ActiveCfg = Debug|Any CPU
		{A2218177-FCB5-4AB9-B7B7-C21B0BD003ED}.Debug|ARM.Build.0 = Debug|Any CPU
		{A2218177-FCB5-4AB9-B7B7-C21B0BD003ED}.Debug|x64.ActiveCfg = Debug|Any CPU
		{A2218177-FCB5-4AB9-B7B7-C21B0BD003ED}.Debug|x64.Build.0 = Debug|Any CPU
		{A2218177-FCB5-4AB9-B7B7-C21B0BD003ED}.Debug|x86.ActiveCfg = Debug|Any CPU
		{A2218177-FCB5-4AB9-B7B7-C21B0BD003ED}.Debug|x86.Build.0 = Debug|Any CPU
		{A2218177-FCB5-4AB9-B7B7-C21B0BD003ED}.Release|Any CPU.ActiveCfg = Release|Any CPU
		{A2218177-FCB5-4AB9-B7B7-C21B0BD003ED}.Release|Any CPU.Build.0 = Release|Any CPU
		{A2218177-FCB5-4AB9-B7B7-C21B0BD003ED}.Release|ARM.ActiveCfg = Release|Any CPU
		{A2218177-FCB5-4AB9-B7B7-C21B0BD003ED}.Release|ARM.Build.0 = Release|Any CPU
		{A2218177-FCB5-4AB9-B7B7-C21B0BD003ED}.Release|x64.ActiveCfg = Release|Any CPU
		{A2218177-FCB5-4AB9-B7B7-C21B0BD003ED}.Release|x64.Build.0 = Release|Any CPU
		{A2218177-FCB5-4AB9-B7B7-C21B0BD003ED}.Release|x86.ActiveCfg = Release|Any CPU
		{A2218177-FCB5-4AB9-B7B7-C21B0BD003ED}.Release|x86.Build.0 = Release|Any CPU
		{A2218177-FCB5-4AB9-B7B7-C21B0BD003ED}.Test|Any CPU.ActiveCfg = Release|Any CPU
		{A2218177-FCB5-4AB9-B7B7-C21B0BD003ED}.Test|Any CPU.Build.0 = Release|Any CPU
		{A2218177-FCB5-4AB9-B7B7-C21B0BD003ED}.Test|ARM.ActiveCfg = Release|Any CPU
		{A2218177-FCB5-4AB9-B7B7-C21B0BD003ED}.Test|ARM.Build.0 = Release|Any CPU
		{A2218177-FCB5-4AB9-B7B7-C21B0BD003ED}.Test|x64.ActiveCfg = Release|Any CPU
		{A2218177-FCB5-4AB9-B7B7-C21B0BD003ED}.Test|x64.Build.0 = Release|Any CPU
		{A2218177-FCB5-4AB9-B7B7-C21B0BD003ED}.Test|x86.ActiveCfg = Release|Any CPU
		{A2218177-FCB5-4AB9-B7B7-C21B0BD003ED}.Test|x86.Build.0 = Release|Any CPU
		{26183655-91B5-45EA-81AD-E21C73D00792}.Debug|Any CPU.ActiveCfg = Debug|Any CPU
		{26183655-91B5-45EA-81AD-E21C73D00792}.Debug|Any CPU.Build.0 = Debug|Any CPU
		{26183655-91B5-45EA-81AD-E21C73D00792}.Debug|ARM.ActiveCfg = Debug|Any CPU
		{26183655-91B5-45EA-81AD-E21C73D00792}.Debug|ARM.Build.0 = Debug|Any CPU
		{26183655-91B5-45EA-81AD-E21C73D00792}.Debug|x64.ActiveCfg = Debug|Any CPU
		{26183655-91B5-45EA-81AD-E21C73D00792}.Debug|x64.Build.0 = Debug|Any CPU
		{26183655-91B5-45EA-81AD-E21C73D00792}.Debug|x86.ActiveCfg = Debug|Any CPU
		{26183655-91B5-45EA-81AD-E21C73D00792}.Debug|x86.Build.0 = Debug|Any CPU
		{26183655-91B5-45EA-81AD-E21C73D00792}.Release|Any CPU.ActiveCfg = Release|Any CPU
		{26183655-91B5-45EA-81AD-E21C73D00792}.Release|Any CPU.Build.0 = Release|Any CPU
		{26183655-91B5-45EA-81AD-E21C73D00792}.Release|ARM.ActiveCfg = Release|Any CPU
		{26183655-91B5-45EA-81AD-E21C73D00792}.Release|ARM.Build.0 = Release|Any CPU
		{26183655-91B5-45EA-81AD-E21C73D00792}.Release|x64.ActiveCfg = Release|Any CPU
		{26183655-91B5-45EA-81AD-E21C73D00792}.Release|x64.Build.0 = Release|Any CPU
		{26183655-91B5-45EA-81AD-E21C73D00792}.Release|x86.ActiveCfg = Release|Any CPU
		{26183655-91B5-45EA-81AD-E21C73D00792}.Release|x86.Build.0 = Release|Any CPU
		{26183655-91B5-45EA-81AD-E21C73D00792}.Test|Any CPU.ActiveCfg = Release|Any CPU
		{26183655-91B5-45EA-81AD-E21C73D00792}.Test|Any CPU.Build.0 = Release|Any CPU
		{26183655-91B5-45EA-81AD-E21C73D00792}.Test|ARM.ActiveCfg = Release|Any CPU
		{26183655-91B5-45EA-81AD-E21C73D00792}.Test|ARM.Build.0 = Release|Any CPU
		{26183655-91B5-45EA-81AD-E21C73D00792}.Test|x64.ActiveCfg = Release|Any CPU
		{26183655-91B5-45EA-81AD-E21C73D00792}.Test|x64.Build.0 = Release|Any CPU
		{26183655-91B5-45EA-81AD-E21C73D00792}.Test|x86.ActiveCfg = Release|Any CPU
		{26183655-91B5-45EA-81AD-E21C73D00792}.Test|x86.Build.0 = Release|Any CPU
		{B6FF370C-B691-4315-803D-A027FE017E58}.Debug|Any CPU.ActiveCfg = Debug|Any CPU
		{B6FF370C-B691-4315-803D-A027FE017E58}.Debug|Any CPU.Build.0 = Debug|Any CPU
		{B6FF370C-B691-4315-803D-A027FE017E58}.Debug|ARM.ActiveCfg = Debug|Any CPU
		{B6FF370C-B691-4315-803D-A027FE017E58}.Debug|ARM.Build.0 = Debug|Any CPU
		{B6FF370C-B691-4315-803D-A027FE017E58}.Debug|x64.ActiveCfg = Debug|Any CPU
		{B6FF370C-B691-4315-803D-A027FE017E58}.Debug|x64.Build.0 = Debug|Any CPU
		{B6FF370C-B691-4315-803D-A027FE017E58}.Debug|x86.ActiveCfg = Debug|Any CPU
		{B6FF370C-B691-4315-803D-A027FE017E58}.Debug|x86.Build.0 = Debug|Any CPU
		{B6FF370C-B691-4315-803D-A027FE017E58}.Release|Any CPU.ActiveCfg = Release|Any CPU
		{B6FF370C-B691-4315-803D-A027FE017E58}.Release|Any CPU.Build.0 = Release|Any CPU
		{B6FF370C-B691-4315-803D-A027FE017E58}.Release|ARM.ActiveCfg = Release|Any CPU
		{B6FF370C-B691-4315-803D-A027FE017E58}.Release|ARM.Build.0 = Release|Any CPU
		{B6FF370C-B691-4315-803D-A027FE017E58}.Release|x64.ActiveCfg = Release|Any CPU
		{B6FF370C-B691-4315-803D-A027FE017E58}.Release|x64.Build.0 = Release|Any CPU
		{B6FF370C-B691-4315-803D-A027FE017E58}.Release|x86.ActiveCfg = Release|Any CPU
		{B6FF370C-B691-4315-803D-A027FE017E58}.Release|x86.Build.0 = Release|Any CPU
		{B6FF370C-B691-4315-803D-A027FE017E58}.Test|Any CPU.ActiveCfg = Release|Any CPU
		{B6FF370C-B691-4315-803D-A027FE017E58}.Test|Any CPU.Build.0 = Release|Any CPU
		{B6FF370C-B691-4315-803D-A027FE017E58}.Test|ARM.ActiveCfg = Release|Any CPU
		{B6FF370C-B691-4315-803D-A027FE017E58}.Test|ARM.Build.0 = Release|Any CPU
		{B6FF370C-B691-4315-803D-A027FE017E58}.Test|x64.ActiveCfg = Release|Any CPU
		{B6FF370C-B691-4315-803D-A027FE017E58}.Test|x64.Build.0 = Release|Any CPU
		{B6FF370C-B691-4315-803D-A027FE017E58}.Test|x86.ActiveCfg = Release|Any CPU
		{B6FF370C-B691-4315-803D-A027FE017E58}.Test|x86.Build.0 = Release|Any CPU
	EndGlobalSection
	GlobalSection(SolutionProperties) = preSolution
		HideSolutionNode = FALSE
	EndGlobalSection
	GlobalSection(NestedProjects) = preSolution
		{E7DA9AD3-8722-404F-B0FE-C4D727EB04AE} = {AD5EEC90-D44E-4397-9C0A-F9CC896EF59C}
		{9378BFDF-A45E-416A-AFBA-5ABC792F2613} = {962AF83E-F14C-4CCF-AB31-B13AAFBBCCF1}
		{46D51A9A-9FB3-4B93-9D42-7F53A77846F8} = {AD5EEC90-D44E-4397-9C0A-F9CC896EF59C}
		{26F48DDE-4FC4-497B-89ED-AABDAE9733EA} = {AD5EEC90-D44E-4397-9C0A-F9CC896EF59C}
		{CAD920D8-3B70-4D9D-AD02-677DD789964D} = {AD5EEC90-D44E-4397-9C0A-F9CC896EF59C}
		{CC035CA9-A8CF-4068-8271-9FA02B69D9E8} = {88D74C8A-9B0C-41C1-8C2B-9B9E9B6585AA}
		{361A90EB-3BBE-405A-826A-33C0D0ACABF7} = {88D74C8A-9B0C-41C1-8C2B-9B9E9B6585AA}
		{D8A97225-4720-41FF-8235-BAE0BF16CC4D} = {88D74C8A-9B0C-41C1-8C2B-9B9E9B6585AA}
		{11AEADBD-464F-4D5C-BAD7-60AC4D1D3A0D} = {88D74C8A-9B0C-41C1-8C2B-9B9E9B6585AA}
		{3AC43B71-B5A6-4331-8517-153812ABAA9A} = {962AF83E-F14C-4CCF-AB31-B13AAFBBCCF1}
		{E607D04D-3B11-409B-B832-E95BB4E9A84E} = {962AF83E-F14C-4CCF-AB31-B13AAFBBCCF1}
		{3853B062-24B6-44FF-B088-CD80FDDFAC37} = {EB030BC5-7825-46D7-91BA-1B1670DBD46B}
		{8E003825-40AF-44FC-B3A2-EDF867B0C050} = {962AF83E-F14C-4CCF-AB31-B13AAFBBCCF1}
		{E1A479A5-4213-4BCB-A558-D5AB0103E815} = {6F53A9BB-AB8E-40B7-B0C8-CE65B46FE4AE}
		{A81B17DE-871F-40E1-8A4F-0F798A0A9DAF} = {6F53A9BB-AB8E-40B7-B0C8-CE65B46FE4AE}
		{7497CD75-F4DB-44D2-A652-A8497611EB2E} = {6F53A9BB-AB8E-40B7-B0C8-CE65B46FE4AE}
		{C93C2005-B947-436D-9023-7194FE3A5615} = {6F53A9BB-AB8E-40B7-B0C8-CE65B46FE4AE}
		{392396D9-5825-42B5-9227-AF6F9A1AECB9} = {6F53A9BB-AB8E-40B7-B0C8-CE65B46FE4AE}
		{91AE0E63-3C1E-4A60-A06D-4D1780650186} = {6F53A9BB-AB8E-40B7-B0C8-CE65B46FE4AE}
		{783B681C-2C42-4C26-B8A3-5FE0583EE36D} = {6F53A9BB-AB8E-40B7-B0C8-CE65B46FE4AE}
		{EDF81D1B-A2E5-4672-ACE3-6A65A8AB1C64} = {6F53A9BB-AB8E-40B7-B0C8-CE65B46FE4AE}
		{A2218177-FCB5-4AB9-B7B7-C21B0BD003ED} = {6F53A9BB-AB8E-40B7-B0C8-CE65B46FE4AE}
		{26183655-91B5-45EA-81AD-E21C73D00792} = {6F53A9BB-AB8E-40B7-B0C8-CE65B46FE4AE}
		{B6FF370C-B691-4315-803D-A027FE017E58} = {AD5EEC90-D44E-4397-9C0A-F9CC896EF59C}
	EndGlobalSection
EndGlobal
